// !$*UTF8*$!
{
	archiveVersion = 1;
	classes = {
	};
	objectVersion = 52;
	objects = {

/* Begin PBXBuildFile section */
		05715C322702C4E100D9CB1D /* Text+Ext.swift in Sources */ = {isa = PBXBuildFile; fileRef = 05715C312702C4E100D9CB1D /* Text+Ext.swift */; };
		057BC029257589D600BBBCC0 /* ExtensionHelper.swift in Sources */ = {isa = PBXBuildFile; fileRef = 057BC028257589D600BBBCC0 /* ExtensionHelper.swift */; };
		057BC02E25759A3A00BBBCC0 /* TestExtensions.swift in Sources */ = {isa = PBXBuildFile; fileRef = 057BC02D25759A3A00BBBCC0 /* TestExtensions.swift */; };
		057BC03425759AB300BBBCC0 /* TestFactories.swift in Sources */ = {isa = PBXBuildFile; fileRef = 057BC03325759AB300BBBCC0 /* TestFactories.swift */; };
		057BC03925759B0900BBBCC0 /* HttpClientSpy.swift in Sources */ = {isa = PBXBuildFile; fileRef = 057BC03825759B0900BBBCC0 /* HttpClientSpy.swift */; };
		057BC03F25759BAB00BBBCC0 /* AccountModelFactory.swift in Sources */ = {isa = PBXBuildFile; fileRef = 057BC03E25759BAB00BBBCC0 /* AccountModelFactory.swift */; };
		057BC05025759D4300BBBCC0 /* Infra.framework in Frameworks */ = {isa = PBXBuildFile; fileRef = 057BC04725759D4200BBBCC0 /* Infra.framework */; };
		057BC05525759D4300BBBCC0 /* AlamofireAdapterTests.swift in Sources */ = {isa = PBXBuildFile; fileRef = 057BC05425759D4300BBBCC0 /* AlamofireAdapterTests.swift */; };
		057BC06A25759FBA00BBBCC0 /* Data.framework in Frameworks */ = {isa = PBXBuildFile; fileRef = 05EF2F812565DF60008283E5 /* Data.framework */; };
		057BC06B25759FBA00BBBCC0 /* Data.framework in Embed Frameworks */ = {isa = PBXBuildFile; fileRef = 05EF2F812565DF60008283E5 /* Data.framework */; settings = {ATTRIBUTES = (CodeSignOnCopy, RemoveHeadersOnCopy, ); }; };
		057BC07225759FEB00BBBCC0 /* TestExtensions.swift in Sources */ = {isa = PBXBuildFile; fileRef = 057BC02D25759A3A00BBBCC0 /* TestExtensions.swift */; };
		057BC07625759FF300BBBCC0 /* TestFactories.swift in Sources */ = {isa = PBXBuildFile; fileRef = 057BC03325759AB300BBBCC0 /* TestFactories.swift */; };
		057BC07C2575A48700BBBCC0 /* Alamofire in Frameworks */ = {isa = PBXBuildFile; productRef = 057BC07B2575A48700BBBCC0 /* Alamofire */; };
		05EF2F772565DCDF008283E5 /* AddAccount.swift in Sources */ = {isa = PBXBuildFile; fileRef = 05EF2F762565DCDF008283E5 /* AddAccount.swift */; };
		05EF2F7A2565DE17008283E5 /* AccountModel.swift in Sources */ = {isa = PBXBuildFile; fileRef = 05EF2F792565DE17008283E5 /* AccountModel.swift */; };
		05EF2F8A2565DF61008283E5 /* Data.framework in Frameworks */ = {isa = PBXBuildFile; fileRef = 05EF2F812565DF60008283E5 /* Data.framework */; };
		05EF2F8F2565DF61008283E5 /* RemoteAddAccountTests.swift in Sources */ = {isa = PBXBuildFile; fileRef = 05EF2F8E2565DF61008283E5 /* RemoteAddAccountTests.swift */; };
		05EF2F9F2565DFA2008283E5 /* Domain.framework in Frameworks */ = {isa = PBXBuildFile; fileRef = 05EF2F6C2565DA96008283E5 /* Domain.framework */; };
		05EF2FA02565DFA2008283E5 /* Domain.framework in Embed Frameworks */ = {isa = PBXBuildFile; fileRef = 05EF2F6C2565DA96008283E5 /* Domain.framework */; settings = {ATTRIBUTES = (CodeSignOnCopy, RemoveHeadersOnCopy, ); }; };
		05EF2FA92569545B008283E5 /* Model.swift in Sources */ = {isa = PBXBuildFile; fileRef = 05EF2FA82569545B008283E5 /* Model.swift */; };
		05EF2FAD256954CC008283E5 /* RemoteAddAccount.swift in Sources */ = {isa = PBXBuildFile; fileRef = 05EF2FAC256954CC008283E5 /* RemoteAddAccount.swift */; };
		05EF2FB125695514008283E5 /* HttpPostClient.swift in Sources */ = {isa = PBXBuildFile; fileRef = 05EF2FB025695514008283E5 /* HttpPostClient.swift */; };
		05EF2FBF2569597D008283E5 /* DomainError.swift in Sources */ = {isa = PBXBuildFile; fileRef = 05EF2FBE2569597D008283E5 /* DomainError.swift */; };
		05EF2FC525695B75008283E5 /* HttpError.swift in Sources */ = {isa = PBXBuildFile; fileRef = 05EF2FC425695B75008283E5 /* HttpError.swift */; };
		05F6E9B027029F130088D91B /* SignUp.storyboard in Resources */ = {isa = PBXBuildFile; fileRef = 05F8C539258F793700D269DB /* SignUp.storyboard */; };
		05F6E9B22702A3D20088D91B /* SignUpViewController2.swift in Sources */ = {isa = PBXBuildFile; fileRef = 05F6E9B12702A3D20088D91B /* SignUpViewController2.swift */; };
		05F6E9B42702A4110088D91B /* SignUpViewController2Tests.swift in Sources */ = {isa = PBXBuildFile; fileRef = 05F6E9B32702A4110088D91B /* SignUpViewController2Tests.swift */; };
		05F8C326257C046900D269DB /* AlamofireAdapter.swift in Sources */ = {isa = PBXBuildFile; fileRef = 05F8C325257C046900D269DB /* AlamofireAdapter.swift */; };
		05F8C330257C057B00D269DB /* UrlProtocolStub.swift in Sources */ = {isa = PBXBuildFile; fileRef = 05F8C32F257C057B00D269DB /* UrlProtocolStub.swift */; };
		05F8C33E257C0A3F00D269DB /* AddAccountIntegrationTests.swift in Sources */ = {isa = PBXBuildFile; fileRef = 05F8C33D257C0A3F00D269DB /* AddAccountIntegrationTests.swift */; };
		05F8C340257C0A3F00D269DB /* Data.framework in Frameworks */ = {isa = PBXBuildFile; fileRef = 05EF2F812565DF60008283E5 /* Data.framework */; };
		05F8C364257D147000D269DB /* Presentation.framework in Frameworks */ = {isa = PBXBuildFile; fileRef = 05F8C35B257D147000D269DB /* Presentation.framework */; };
		05F8C369257D147000D269DB /* SignUpPresenterTests.swift in Sources */ = {isa = PBXBuildFile; fileRef = 05F8C368257D147000D269DB /* SignUpPresenterTests.swift */; };
		05F8C38D257D293400D269DB /* SignUpPresenter.swift in Sources */ = {isa = PBXBuildFile; fileRef = 05F8C38C257D293400D269DB /* SignUpPresenter.swift */; };
		05F8C394257D294600D269DB /* Domain.framework in Frameworks */ = {isa = PBXBuildFile; fileRef = 05EF2F6C2565DA96008283E5 /* Domain.framework */; };
		05F8C395257D294600D269DB /* Domain.framework in Embed Frameworks */ = {isa = PBXBuildFile; fileRef = 05EF2F6C2565DA96008283E5 /* Domain.framework */; settings = {ATTRIBUTES = (CodeSignOnCopy, RemoveHeadersOnCopy, ); }; };
		05F8C3A0257D29F800D269DB /* AlertView.swift in Sources */ = {isa = PBXBuildFile; fileRef = 05F8C39F257D29F800D269DB /* AlertView.swift */; };
		05F8C3CF257DB1C300D269DB /* EmaiValidator.swift in Sources */ = {isa = PBXBuildFile; fileRef = 05F8C3CE257DB1C300D269DB /* EmaiValidator.swift */; };
		05F8C3DA25865C9E00D269DB /* AccountModelFactory.swift in Sources */ = {isa = PBXBuildFile; fileRef = 057BC03E25759BAB00BBBCC0 /* AccountModelFactory.swift */; };
		05F8C3E025866A2E00D269DB /* TestExtensions.swift in Sources */ = {isa = PBXBuildFile; fileRef = 057BC02D25759A3A00BBBCC0 /* TestExtensions.swift */; };
		05F8C3E72586A32200D269DB /* LoadingView.swift in Sources */ = {isa = PBXBuildFile; fileRef = 05F8C3E62586A32200D269DB /* LoadingView.swift */; };
		05F8C3FB258B81C100D269DB /* SignUpMapper.swift in Sources */ = {isa = PBXBuildFile; fileRef = 05F8C3FA258B81C100D269DB /* SignUpMapper.swift */; };
		05F8C401258B830500D269DB /* SignUpViewModel.swift in Sources */ = {isa = PBXBuildFile; fileRef = 05F8C3EE258B80E600D269DB /* SignUpViewModel.swift */; };
		05F8C42E258B8AE200D269DB /* AlertViewSpy.swift in Sources */ = {isa = PBXBuildFile; fileRef = 05F8C42D258B8AE200D269DB /* AlertViewSpy.swift */; };
		05F8C43B258B8B3800D269DB /* EmailValidatorSpy.swift in Sources */ = {isa = PBXBuildFile; fileRef = 05F8C43A258B8B3800D269DB /* EmailValidatorSpy.swift */; };
		05F8C448258B8CEC00D269DB /* AddAccountSpy.swift in Sources */ = {isa = PBXBuildFile; fileRef = 05F8C447258B8CEC00D269DB /* AddAccountSpy.swift */; };
		05F8C454258B8DFF00D269DB /* LoadingViewSpy.swift in Sources */ = {isa = PBXBuildFile; fileRef = 05F8C453258B8DFF00D269DB /* LoadingViewSpy.swift */; };
		05F8C472258B8F9B00D269DB /* TestFactories.swift in Sources */ = {isa = PBXBuildFile; fileRef = 05F8C45C258B8F4B00D269DB /* TestFactories.swift */; };
		05F8C48B258F6C9D00D269DB /* UI.framework in Frameworks */ = {isa = PBXBuildFile; fileRef = 05F8C482258F6C9C00D269DB /* UI.framework */; };
		05F8C490258F6C9D00D269DB /* SignUpViewControllerTests.swift in Sources */ = {isa = PBXBuildFile; fileRef = 05F8C48F258F6C9D00D269DB /* SignUpViewControllerTests.swift */; };
		05F8C4BD258F6E7500D269DB /* Presentation.framework in Frameworks */ = {isa = PBXBuildFile; fileRef = 05F8C35B257D147000D269DB /* Presentation.framework */; };
		05F8C4BE258F6E7500D269DB /* Presentation.framework in Embed Frameworks */ = {isa = PBXBuildFile; fileRef = 05F8C35B257D147000D269DB /* Presentation.framework */; settings = {ATTRIBUTES = (CodeSignOnCopy, RemoveHeadersOnCopy, ); }; };
		05F8C505258F754800D269DB /* SignUpViewController.swift in Sources */ = {isa = PBXBuildFile; fileRef = 05F8C504258F754800D269DB /* SignUpViewController.swift */; };
		05F8C51A258F776800D269DB /* SignUpViewController.swift in Sources */ = {isa = PBXBuildFile; fileRef = 05F8C504258F754800D269DB /* SignUpViewController.swift */; };
/* End PBXBuildFile section */

/* Begin PBXContainerItemProxy section */
		057BC05125759D4300BBBCC0 /* PBXContainerItemProxy */ = {
			isa = PBXContainerItemProxy;
			containerPortal = 05EF2F512565D96B008283E5 /* Project object */;
			proxyType = 1;
			remoteGlobalIDString = 057BC04625759D4200BBBCC0;
			remoteInfo = Infra;
		};
		057BC06C25759FBA00BBBCC0 /* PBXContainerItemProxy */ = {
			isa = PBXContainerItemProxy;
			containerPortal = 05EF2F512565D96B008283E5 /* Project object */;
			proxyType = 1;
			remoteGlobalIDString = 05EF2F802565DF60008283E5;
			remoteInfo = Data;
		};
		05EF2F8B2565DF61008283E5 /* PBXContainerItemProxy */ = {
			isa = PBXContainerItemProxy;
			containerPortal = 05EF2F512565D96B008283E5 /* Project object */;
			proxyType = 1;
			remoteGlobalIDString = 05EF2F802565DF60008283E5;
			remoteInfo = Data;
		};
		05EF2FA12565DFA2008283E5 /* PBXContainerItemProxy */ = {
			isa = PBXContainerItemProxy;
			containerPortal = 05EF2F512565D96B008283E5 /* Project object */;
			proxyType = 1;
			remoteGlobalIDString = 05EF2F6B2565DA96008283E5;
			remoteInfo = Domain;
		};
		05F8C341257C0A3F00D269DB /* PBXContainerItemProxy */ = {
			isa = PBXContainerItemProxy;
			containerPortal = 05EF2F512565D96B008283E5 /* Project object */;
			proxyType = 1;
			remoteGlobalIDString = 05EF2F802565DF60008283E5;
			remoteInfo = Data;
		};
		05F8C34A257C0A7800D269DB /* PBXContainerItemProxy */ = {
			isa = PBXContainerItemProxy;
			containerPortal = 05EF2F512565D96B008283E5 /* Project object */;
			proxyType = 1;
			remoteGlobalIDString = 05EF2F6B2565DA96008283E5;
			remoteInfo = Domain;
		};
		05F8C34C257C0A7800D269DB /* PBXContainerItemProxy */ = {
			isa = PBXContainerItemProxy;
			containerPortal = 05EF2F512565D96B008283E5 /* Project object */;
			proxyType = 1;
			remoteGlobalIDString = 057BC04625759D4200BBBCC0;
			remoteInfo = Infra;
		};
		05F8C365257D147000D269DB /* PBXContainerItemProxy */ = {
			isa = PBXContainerItemProxy;
			containerPortal = 05EF2F512565D96B008283E5 /* Project object */;
			proxyType = 1;
			remoteGlobalIDString = 05F8C35A257D147000D269DB;
			remoteInfo = Presentation;
		};
		05F8C396257D294600D269DB /* PBXContainerItemProxy */ = {
			isa = PBXContainerItemProxy;
			containerPortal = 05EF2F512565D96B008283E5 /* Project object */;
			proxyType = 1;
			remoteGlobalIDString = 05EF2F6B2565DA96008283E5;
			remoteInfo = Domain;
		};
		05F8C48C258F6C9D00D269DB /* PBXContainerItemProxy */ = {
			isa = PBXContainerItemProxy;
			containerPortal = 05EF2F512565D96B008283E5 /* Project object */;
			proxyType = 1;
			remoteGlobalIDString = 05F8C481258F6C9C00D269DB;
			remoteInfo = UI;
		};
		05F8C4BF258F6E7500D269DB /* PBXContainerItemProxy */ = {
			isa = PBXContainerItemProxy;
			containerPortal = 05EF2F512565D96B008283E5 /* Project object */;
			proxyType = 1;
			remoteGlobalIDString = 05F8C35A257D147000D269DB;
			remoteInfo = Presentation;
		};
/* End PBXContainerItemProxy section */

/* Begin PBXCopyFilesBuildPhase section */
		057BC06E25759FBA00BBBCC0 /* Embed Frameworks */ = {
			isa = PBXCopyFilesBuildPhase;
			buildActionMask = 2147483647;
			dstPath = "";
			dstSubfolderSpec = 10;
			files = (
				057BC06B25759FBA00BBBCC0 /* Data.framework in Embed Frameworks */,
			);
			name = "Embed Frameworks";
			runOnlyForDeploymentPostprocessing = 0;
		};
		05EF2FA32565DFA2008283E5 /* Embed Frameworks */ = {
			isa = PBXCopyFilesBuildPhase;
			buildActionMask = 2147483647;
			dstPath = "";
			dstSubfolderSpec = 10;
			files = (
				05EF2FA02565DFA2008283E5 /* Domain.framework in Embed Frameworks */,
			);
			name = "Embed Frameworks";
			runOnlyForDeploymentPostprocessing = 0;
		};
		05F8C398257D294600D269DB /* Embed Frameworks */ = {
			isa = PBXCopyFilesBuildPhase;
			buildActionMask = 2147483647;
			dstPath = "";
			dstSubfolderSpec = 10;
			files = (
				05F8C395257D294600D269DB /* Domain.framework in Embed Frameworks */,
			);
			name = "Embed Frameworks";
			runOnlyForDeploymentPostprocessing = 0;
		};
		05F8C4C1258F6E7600D269DB /* Embed Frameworks */ = {
			isa = PBXCopyFilesBuildPhase;
			buildActionMask = 2147483647;
			dstPath = "";
			dstSubfolderSpec = 10;
			files = (
				05F8C4BE258F6E7500D269DB /* Presentation.framework in Embed Frameworks */,
			);
			name = "Embed Frameworks";
			runOnlyForDeploymentPostprocessing = 0;
		};
/* End PBXCopyFilesBuildPhase section */

/* Begin PBXFileReference section */
		05715C312702C4E100D9CB1D /* Text+Ext.swift */ = {isa = PBXFileReference; lastKnownFileType = sourcecode.swift; path = "Text+Ext.swift"; sourceTree = "<group>"; };
		057BC028257589D600BBBCC0 /* ExtensionHelper.swift */ = {isa = PBXFileReference; lastKnownFileType = sourcecode.swift; path = ExtensionHelper.swift; sourceTree = "<group>"; };
		057BC02D25759A3A00BBBCC0 /* TestExtensions.swift */ = {isa = PBXFileReference; lastKnownFileType = sourcecode.swift; path = TestExtensions.swift; sourceTree = "<group>"; };
		057BC03325759AB300BBBCC0 /* TestFactories.swift */ = {isa = PBXFileReference; lastKnownFileType = sourcecode.swift; path = TestFactories.swift; sourceTree = "<group>"; };
		057BC03825759B0900BBBCC0 /* HttpClientSpy.swift */ = {isa = PBXFileReference; lastKnownFileType = sourcecode.swift; path = HttpClientSpy.swift; sourceTree = "<group>"; };
		057BC03E25759BAB00BBBCC0 /* AccountModelFactory.swift */ = {isa = PBXFileReference; lastKnownFileType = sourcecode.swift; path = AccountModelFactory.swift; sourceTree = "<group>"; };
		057BC04725759D4200BBBCC0 /* Infra.framework */ = {isa = PBXFileReference; explicitFileType = wrapper.framework; includeInIndex = 0; path = Infra.framework; sourceTree = BUILT_PRODUCTS_DIR; };
		057BC04A25759D4200BBBCC0 /* Info.plist */ = {isa = PBXFileReference; lastKnownFileType = text.plist.xml; path = Info.plist; sourceTree = "<group>"; };
		057BC04F25759D4300BBBCC0 /* InfraTests.xctest */ = {isa = PBXFileReference; explicitFileType = wrapper.cfbundle; includeInIndex = 0; path = InfraTests.xctest; sourceTree = BUILT_PRODUCTS_DIR; };
		057BC05425759D4300BBBCC0 /* AlamofireAdapterTests.swift */ = {isa = PBXFileReference; lastKnownFileType = sourcecode.swift; path = AlamofireAdapterTests.swift; sourceTree = "<group>"; };
		057BC05625759D4300BBBCC0 /* Info.plist */ = {isa = PBXFileReference; lastKnownFileType = text.plist.xml; path = Info.plist; sourceTree = "<group>"; };
		05EF2F6C2565DA96008283E5 /* Domain.framework */ = {isa = PBXFileReference; explicitFileType = wrapper.framework; includeInIndex = 0; path = Domain.framework; sourceTree = BUILT_PRODUCTS_DIR; };
		05EF2F6F2565DA97008283E5 /* Info.plist */ = {isa = PBXFileReference; lastKnownFileType = text.plist.xml; path = Info.plist; sourceTree = "<group>"; };
		05EF2F762565DCDF008283E5 /* AddAccount.swift */ = {isa = PBXFileReference; lastKnownFileType = sourcecode.swift; path = AddAccount.swift; sourceTree = "<group>"; };
		05EF2F792565DE17008283E5 /* AccountModel.swift */ = {isa = PBXFileReference; lastKnownFileType = sourcecode.swift; path = AccountModel.swift; sourceTree = "<group>"; };
		05EF2F812565DF60008283E5 /* Data.framework */ = {isa = PBXFileReference; explicitFileType = wrapper.framework; includeInIndex = 0; path = Data.framework; sourceTree = BUILT_PRODUCTS_DIR; };
		05EF2F842565DF60008283E5 /* Info.plist */ = {isa = PBXFileReference; lastKnownFileType = text.plist.xml; path = Info.plist; sourceTree = "<group>"; };
		05EF2F892565DF61008283E5 /* DataTests.xctest */ = {isa = PBXFileReference; explicitFileType = wrapper.cfbundle; includeInIndex = 0; path = DataTests.xctest; sourceTree = BUILT_PRODUCTS_DIR; };
		05EF2F8E2565DF61008283E5 /* RemoteAddAccountTests.swift */ = {isa = PBXFileReference; lastKnownFileType = sourcecode.swift; path = RemoteAddAccountTests.swift; sourceTree = "<group>"; };
		05EF2F902565DF61008283E5 /* Info.plist */ = {isa = PBXFileReference; lastKnownFileType = text.plist.xml; path = Info.plist; sourceTree = "<group>"; };
		05EF2FA82569545B008283E5 /* Model.swift */ = {isa = PBXFileReference; lastKnownFileType = sourcecode.swift; path = Model.swift; sourceTree = "<group>"; };
		05EF2FAC256954CC008283E5 /* RemoteAddAccount.swift */ = {isa = PBXFileReference; lastKnownFileType = sourcecode.swift; path = RemoteAddAccount.swift; sourceTree = "<group>"; };
		05EF2FB025695514008283E5 /* HttpPostClient.swift */ = {isa = PBXFileReference; lastKnownFileType = sourcecode.swift; path = HttpPostClient.swift; sourceTree = "<group>"; };
		05EF2FBE2569597D008283E5 /* DomainError.swift */ = {isa = PBXFileReference; lastKnownFileType = sourcecode.swift; path = DomainError.swift; sourceTree = "<group>"; };
		05EF2FC425695B75008283E5 /* HttpError.swift */ = {isa = PBXFileReference; lastKnownFileType = sourcecode.swift; path = HttpError.swift; sourceTree = "<group>"; };
		05F6E9B12702A3D20088D91B /* SignUpViewController2.swift */ = {isa = PBXFileReference; lastKnownFileType = sourcecode.swift; path = SignUpViewController2.swift; sourceTree = "<group>"; };
		05F6E9B32702A4110088D91B /* SignUpViewController2Tests.swift */ = {isa = PBXFileReference; lastKnownFileType = sourcecode.swift; path = SignUpViewController2Tests.swift; sourceTree = "<group>"; };
		05F8C325257C046900D269DB /* AlamofireAdapter.swift */ = {isa = PBXFileReference; lastKnownFileType = sourcecode.swift; path = AlamofireAdapter.swift; sourceTree = "<group>"; };
		05F8C32F257C057B00D269DB /* UrlProtocolStub.swift */ = {isa = PBXFileReference; lastKnownFileType = sourcecode.swift; path = UrlProtocolStub.swift; sourceTree = "<group>"; };
		05F8C33B257C0A3E00D269DB /* UseCasesIntegrationTests.xctest */ = {isa = PBXFileReference; explicitFileType = wrapper.cfbundle; includeInIndex = 0; path = UseCasesIntegrationTests.xctest; sourceTree = BUILT_PRODUCTS_DIR; };
		05F8C33D257C0A3F00D269DB /* AddAccountIntegrationTests.swift */ = {isa = PBXFileReference; lastKnownFileType = sourcecode.swift; path = AddAccountIntegrationTests.swift; sourceTree = "<group>"; };
		05F8C33F257C0A3F00D269DB /* Info.plist */ = {isa = PBXFileReference; lastKnownFileType = text.plist.xml; path = Info.plist; sourceTree = "<group>"; };
		05F8C35B257D147000D269DB /* Presentation.framework */ = {isa = PBXFileReference; explicitFileType = wrapper.framework; includeInIndex = 0; path = Presentation.framework; sourceTree = BUILT_PRODUCTS_DIR; };
		05F8C35E257D147000D269DB /* Info.plist */ = {isa = PBXFileReference; lastKnownFileType = text.plist.xml; path = Info.plist; sourceTree = "<group>"; };
		05F8C363257D147000D269DB /* PresentationTests.xctest */ = {isa = PBXFileReference; explicitFileType = wrapper.cfbundle; includeInIndex = 0; path = PresentationTests.xctest; sourceTree = BUILT_PRODUCTS_DIR; };
		05F8C368257D147000D269DB /* SignUpPresenterTests.swift */ = {isa = PBXFileReference; lastKnownFileType = sourcecode.swift; path = SignUpPresenterTests.swift; sourceTree = "<group>"; };
		05F8C36A257D147000D269DB /* Info.plist */ = {isa = PBXFileReference; lastKnownFileType = text.plist.xml; path = Info.plist; sourceTree = "<group>"; };
		05F8C38C257D293400D269DB /* SignUpPresenter.swift */ = {isa = PBXFileReference; lastKnownFileType = sourcecode.swift; path = SignUpPresenter.swift; sourceTree = "<group>"; };
		05F8C39F257D29F800D269DB /* AlertView.swift */ = {isa = PBXFileReference; lastKnownFileType = sourcecode.swift; path = AlertView.swift; sourceTree = "<group>"; };
		05F8C3CE257DB1C300D269DB /* EmaiValidator.swift */ = {isa = PBXFileReference; lastKnownFileType = sourcecode.swift; path = EmaiValidator.swift; sourceTree = "<group>"; };
		05F8C3E62586A32200D269DB /* LoadingView.swift */ = {isa = PBXFileReference; lastKnownFileType = sourcecode.swift; path = LoadingView.swift; sourceTree = "<group>"; };
		05F8C3EE258B80E600D269DB /* SignUpViewModel.swift */ = {isa = PBXFileReference; lastKnownFileType = sourcecode.swift; path = SignUpViewModel.swift; sourceTree = "<group>"; };
		05F8C3FA258B81C100D269DB /* SignUpMapper.swift */ = {isa = PBXFileReference; lastKnownFileType = sourcecode.swift; path = SignUpMapper.swift; sourceTree = "<group>"; };
		05F8C42D258B8AE200D269DB /* AlertViewSpy.swift */ = {isa = PBXFileReference; lastKnownFileType = sourcecode.swift; path = AlertViewSpy.swift; sourceTree = "<group>"; };
		05F8C43A258B8B3800D269DB /* EmailValidatorSpy.swift */ = {isa = PBXFileReference; lastKnownFileType = sourcecode.swift; path = EmailValidatorSpy.swift; sourceTree = "<group>"; };
		05F8C447258B8CEC00D269DB /* AddAccountSpy.swift */ = {isa = PBXFileReference; lastKnownFileType = sourcecode.swift; path = "AddAccount\U0010Spy.swift"; sourceTree = "<group>"; };
		05F8C453258B8DFF00D269DB /* LoadingViewSpy.swift */ = {isa = PBXFileReference; lastKnownFileType = sourcecode.swift; path = LoadingViewSpy.swift; sourceTree = "<group>"; };
		05F8C45C258B8F4B00D269DB /* TestFactories.swift */ = {isa = PBXFileReference; lastKnownFileType = sourcecode.swift; path = TestFactories.swift; sourceTree = "<group>"; };
		05F8C482258F6C9C00D269DB /* UI.framework */ = {isa = PBXFileReference; explicitFileType = wrapper.framework; includeInIndex = 0; path = UI.framework; sourceTree = BUILT_PRODUCTS_DIR; };
		05F8C485258F6C9D00D269DB /* Info.plist */ = {isa = PBXFileReference; lastKnownFileType = text.plist.xml; path = Info.plist; sourceTree = "<group>"; };
		05F8C48A258F6C9D00D269DB /* UITests.xctest */ = {isa = PBXFileReference; explicitFileType = wrapper.cfbundle; includeInIndex = 0; path = UITests.xctest; sourceTree = BUILT_PRODUCTS_DIR; };
		05F8C48F258F6C9D00D269DB /* SignUpViewControllerTests.swift */ = {isa = PBXFileReference; lastKnownFileType = sourcecode.swift; path = SignUpViewControllerTests.swift; sourceTree = "<group>"; };
		05F8C491258F6C9D00D269DB /* Info.plist */ = {isa = PBXFileReference; lastKnownFileType = text.plist.xml; path = Info.plist; sourceTree = "<group>"; };
		05F8C504258F754800D269DB /* SignUpViewController.swift */ = {isa = PBXFileReference; lastKnownFileType = sourcecode.swift; path = SignUpViewController.swift; sourceTree = "<group>"; };
		05F8C539258F793700D269DB /* SignUp.storyboard */ = {isa = PBXFileReference; lastKnownFileType = file.storyboard; name = SignUp.storyboard; path = UITests/SignUp.storyboard; sourceTree = SOURCE_ROOT; };
/* End PBXFileReference section */

/* Begin PBXFrameworksBuildPhase section */
		057BC04425759D4200BBBCC0 /* Frameworks */ = {
			isa = PBXFrameworksBuildPhase;
			buildActionMask = 2147483647;
			files = (
				057BC06A25759FBA00BBBCC0 /* Data.framework in Frameworks */,
				057BC07C2575A48700BBBCC0 /* Alamofire in Frameworks */,
			);
			runOnlyForDeploymentPostprocessing = 0;
		};
		057BC04C25759D4300BBBCC0 /* Frameworks */ = {
			isa = PBXFrameworksBuildPhase;
			buildActionMask = 2147483647;
			files = (
				057BC05025759D4300BBBCC0 /* Infra.framework in Frameworks */,
			);
			runOnlyForDeploymentPostprocessing = 0;
		};
		05EF2F692565DA96008283E5 /* Frameworks */ = {
			isa = PBXFrameworksBuildPhase;
			buildActionMask = 2147483647;
			files = (
			);
			runOnlyForDeploymentPostprocessing = 0;
		};
		05EF2F7E2565DF60008283E5 /* Frameworks */ = {
			isa = PBXFrameworksBuildPhase;
			buildActionMask = 2147483647;
			files = (
				05EF2F9F2565DFA2008283E5 /* Domain.framework in Frameworks */,
			);
			runOnlyForDeploymentPostprocessing = 0;
		};
		05EF2F862565DF61008283E5 /* Frameworks */ = {
			isa = PBXFrameworksBuildPhase;
			buildActionMask = 2147483647;
			files = (
				05EF2F8A2565DF61008283E5 /* Data.framework in Frameworks */,
			);
			runOnlyForDeploymentPostprocessing = 0;
		};
		05F8C338257C0A3E00D269DB /* Frameworks */ = {
			isa = PBXFrameworksBuildPhase;
			buildActionMask = 2147483647;
			files = (
				05F8C340257C0A3F00D269DB /* Data.framework in Frameworks */,
			);
			runOnlyForDeploymentPostprocessing = 0;
		};
		05F8C358257D147000D269DB /* Frameworks */ = {
			isa = PBXFrameworksBuildPhase;
			buildActionMask = 2147483647;
			files = (
				05F8C394257D294600D269DB /* Domain.framework in Frameworks */,
			);
			runOnlyForDeploymentPostprocessing = 0;
		};
		05F8C360257D147000D269DB /* Frameworks */ = {
			isa = PBXFrameworksBuildPhase;
			buildActionMask = 2147483647;
			files = (
				05F8C364257D147000D269DB /* Presentation.framework in Frameworks */,
			);
			runOnlyForDeploymentPostprocessing = 0;
		};
		05F8C47F258F6C9C00D269DB /* Frameworks */ = {
			isa = PBXFrameworksBuildPhase;
			buildActionMask = 2147483647;
			files = (
				05F8C4BD258F6E7500D269DB /* Presentation.framework in Frameworks */,
			);
			runOnlyForDeploymentPostprocessing = 0;
		};
		05F8C487258F6C9D00D269DB /* Frameworks */ = {
			isa = PBXFrameworksBuildPhase;
			buildActionMask = 2147483647;
			files = (
				05F8C48B258F6C9D00D269DB /* UI.framework in Frameworks */,
			);
			runOnlyForDeploymentPostprocessing = 0;
		};
/* End PBXFrameworksBuildPhase section */

/* Begin PBXGroup section */
		05715C2C2702C0FF00D9CB1D /* SignUp */ = {
			isa = PBXGroup;
			children = (
				05F8C48F258F6C9D00D269DB /* SignUpViewControllerTests.swift */,
				05F6E9B32702A4110088D91B /* SignUpViewController2Tests.swift */,
			);
			path = SignUp;
			sourceTree = "<group>";
		};
		05715C2D2702C10E00D9CB1D /* SignUp */ = {
			isa = PBXGroup;
			children = (
				05F8C539258F793700D269DB /* SignUp.storyboard */,
				05F8C504258F754800D269DB /* SignUpViewController.swift */,
				05F6E9B12702A3D20088D91B /* SignUpViewController2.swift */,
			);
			path = SignUp;
			sourceTree = "<group>";
		};
		05715C302702C4C500D9CB1D /* Helpers */ = {
			isa = PBXGroup;
			children = (
				05715C312702C4E100D9CB1D /* Text+Ext.swift */,
			);
			path = Helpers;
			sourceTree = "<group>";
		};
		057BC027257589BB00BBBCC0 /* Helpers */ = {
			isa = PBXGroup;
			children = (
				057BC028257589D600BBBCC0 /* ExtensionHelper.swift */,
			);
			path = Helpers;
			sourceTree = "<group>";
		};
		057BC02C25759A1200BBBCC0 /* Helpers */ = {
			isa = PBXGroup;
			children = (
				057BC02D25759A3A00BBBCC0 /* TestExtensions.swift */,
				057BC03325759AB300BBBCC0 /* TestFactories.swift */,
				057BC03E25759BAB00BBBCC0 /* AccountModelFactory.swift */,
			);
			path = Helpers;
			sourceTree = "<group>";
		};
		057BC03725759AF600BBBCC0 /* Http */ = {
			isa = PBXGroup;
			children = (
				057BC03825759B0900BBBCC0 /* HttpClientSpy.swift */,
			);
			path = Http;
			sourceTree = "<group>";
		};
		057BC04825759D4200BBBCC0 /* Infra */ = {
			isa = PBXGroup;
			children = (
				05F8C32A257C04AD00D269DB /* Http */,
				057BC04A25759D4200BBBCC0 /* Info.plist */,
			);
			path = Infra;
			sourceTree = "<group>";
		};
		057BC05325759D4300BBBCC0 /* InfraTests */ = {
			isa = PBXGroup;
			children = (
				05F8C32E257C055600D269DB /* Https */,
				057BC05625759D4300BBBCC0 /* Info.plist */,
			);
			path = InfraTests;
			sourceTree = "<group>";
		};
		05EF2F502565D96B008283E5 = {
			isa = PBXGroup;
			children = (
				05EF2F6D2565DA97008283E5 /* Domain */,
				05EF2F822565DF60008283E5 /* Data */,
				05EF2F8D2565DF61008283E5 /* DataTests */,
				057BC04825759D4200BBBCC0 /* Infra */,
				057BC05325759D4300BBBCC0 /* InfraTests */,
				05F8C33C257C0A3F00D269DB /* UseCasesIntegrationTests */,
				05F8C35C257D147000D269DB /* Presentation */,
				05F8C367257D147000D269DB /* PresentationTests */,
				05F8C483258F6C9C00D269DB /* UI */,
				05F8C48E258F6C9D00D269DB /* UITests */,
				05EF2F5B2565D96B008283E5 /* Products */,
				05EF2F9E2565DFA2008283E5 /* Frameworks */,
			);
			sourceTree = "<group>";
		};
		05EF2F5B2565D96B008283E5 /* Products */ = {
			isa = PBXGroup;
			children = (
				05EF2F6C2565DA96008283E5 /* Domain.framework */,
				05EF2F812565DF60008283E5 /* Data.framework */,
				05EF2F892565DF61008283E5 /* DataTests.xctest */,
				057BC04725759D4200BBBCC0 /* Infra.framework */,
				057BC04F25759D4300BBBCC0 /* InfraTests.xctest */,
				05F8C33B257C0A3E00D269DB /* UseCasesIntegrationTests.xctest */,
				05F8C35B257D147000D269DB /* Presentation.framework */,
				05F8C363257D147000D269DB /* PresentationTests.xctest */,
				05F8C482258F6C9C00D269DB /* UI.framework */,
				05F8C48A258F6C9D00D269DB /* UITests.xctest */,
			);
			name = Products;
			sourceTree = "<group>";
		};
		05EF2F6D2565DA97008283E5 /* Domain */ = {
			isa = PBXGroup;
			children = (
				05EF2FBD2569596D008283E5 /* Errors */,
				05EF2FB725695682008283E5 /* Model */,
				05EF2FB625695657008283E5 /* Use Cases */,
				05EF2F6F2565DA97008283E5 /* Info.plist */,
			);
			path = Domain;
			sourceTree = "<group>";
		};
		05EF2F822565DF60008283E5 /* Data */ = {
			isa = PBXGroup;
			children = (
				057BC027257589BB00BBBCC0 /* Helpers */,
				05EF2FB9256956B9008283E5 /* Http */,
				05EF2FB8256956A3008283E5 /* Use Cases */,
				05EF2F842565DF60008283E5 /* Info.plist */,
			);
			path = Data;
			sourceTree = "<group>";
		};
		05EF2F8D2565DF61008283E5 /* DataTests */ = {
			isa = PBXGroup;
			children = (
				057BC03725759AF600BBBCC0 /* Http */,
				057BC02C25759A1200BBBCC0 /* Helpers */,
				05EF2FBA256956CE008283E5 /* Use Cases */,
				05EF2F902565DF61008283E5 /* Info.plist */,
			);
			path = DataTests;
			sourceTree = "<group>";
		};
		05EF2F9E2565DFA2008283E5 /* Frameworks */ = {
			isa = PBXGroup;
			children = (
			);
			name = Frameworks;
			sourceTree = "<group>";
		};
		05EF2FB625695657008283E5 /* Use Cases */ = {
			isa = PBXGroup;
			children = (
				05EF2F762565DCDF008283E5 /* AddAccount.swift */,
			);
			path = "Use Cases";
			sourceTree = "<group>";
		};
		05EF2FB725695682008283E5 /* Model */ = {
			isa = PBXGroup;
			children = (
				05EF2F792565DE17008283E5 /* AccountModel.swift */,
				05EF2FA82569545B008283E5 /* Model.swift */,
			);
			path = Model;
			sourceTree = "<group>";
		};
		05EF2FB8256956A3008283E5 /* Use Cases */ = {
			isa = PBXGroup;
			children = (
				05EF2FAC256954CC008283E5 /* RemoteAddAccount.swift */,
			);
			path = "Use Cases";
			sourceTree = "<group>";
		};
		05EF2FB9256956B9008283E5 /* Http */ = {
			isa = PBXGroup;
			children = (
				05EF2FB025695514008283E5 /* HttpPostClient.swift */,
				05EF2FC425695B75008283E5 /* HttpError.swift */,
			);
			path = Http;
			sourceTree = "<group>";
		};
		05EF2FBA256956CE008283E5 /* Use Cases */ = {
			isa = PBXGroup;
			children = (
				05EF2F8E2565DF61008283E5 /* RemoteAddAccountTests.swift */,
			);
			path = "Use Cases";
			sourceTree = "<group>";
		};
		05EF2FBD2569596D008283E5 /* Errors */ = {
			isa = PBXGroup;
			children = (
				05EF2FBE2569597D008283E5 /* DomainError.swift */,
			);
			path = Errors;
			sourceTree = "<group>";
		};
		05F8C32A257C04AD00D269DB /* Http */ = {
			isa = PBXGroup;
			children = (
				05F8C325257C046900D269DB /* AlamofireAdapter.swift */,
			);
			path = Http;
			sourceTree = "<group>";
		};
		05F8C32E257C055600D269DB /* Https */ = {
			isa = PBXGroup;
			children = (
				057BC05425759D4300BBBCC0 /* AlamofireAdapterTests.swift */,
				05F8C32F257C057B00D269DB /* UrlProtocolStub.swift */,
			);
			path = Https;
			sourceTree = "<group>";
		};
		05F8C33C257C0A3F00D269DB /* UseCasesIntegrationTests */ = {
			isa = PBXGroup;
			children = (
				05F8C33D257C0A3F00D269DB /* AddAccountIntegrationTests.swift */,
				05F8C33F257C0A3F00D269DB /* Info.plist */,
			);
			path = UseCasesIntegrationTests;
			sourceTree = "<group>";
		};
		05F8C35C257D147000D269DB /* Presentation */ = {
			isa = PBXGroup;
			children = (
				05F8C3CD257DB1AF00D269DB /* Validators */,
				05F8C3AB257D2A1200D269DB /* Presenter */,
				05F8C39E257D29ED00D269DB /* Views */,
				05F8C35E257D147000D269DB /* Info.plist */,
			);
			path = Presentation;
			sourceTree = "<group>";
		};
		05F8C367257D147000D269DB /* PresentationTests */ = {
			isa = PBXGroup;
			children = (
				05F8C45A258B8F1F00D269DB /* Helpers */,
				05F8C446258B8CB600D269DB /* UseCases */,
				05F8C439258B8B2100D269DB /* Validators */,
				05F8C42C258B8ACC00D269DB /* Views */,
				05F8C3BC257D2B7300D269DB /* Presenters */,
				05F8C36A257D147000D269DB /* Info.plist */,
			);
			path = PresentationTests;
			sourceTree = "<group>";
		};
		05F8C39E257D29ED00D269DB /* Views */ = {
			isa = PBXGroup;
			children = (
				05F8C39F257D29F800D269DB /* AlertView.swift */,
				05F8C3E62586A32200D269DB /* LoadingView.swift */,
			);
			path = Views;
			sourceTree = "<group>";
		};
		05F8C3AB257D2A1200D269DB /* Presenter */ = {
			isa = PBXGroup;
			children = (
				05F8C3ED258B80CA00D269DB /* SignUp */,
			);
			path = Presenter;
			sourceTree = "<group>";
		};
		05F8C3BC257D2B7300D269DB /* Presenters */ = {
			isa = PBXGroup;
			children = (
				05F8C368257D147000D269DB /* SignUpPresenterTests.swift */,
			);
			path = Presenters;
			sourceTree = "<group>";
		};
		05F8C3CD257DB1AF00D269DB /* Validators */ = {
			isa = PBXGroup;
			children = (
				05F8C3CE257DB1C300D269DB /* EmaiValidator.swift */,
			);
			path = Validators;
			sourceTree = "<group>";
		};
		05F8C3ED258B80CA00D269DB /* SignUp */ = {
			isa = PBXGroup;
			children = (
				05F8C38C257D293400D269DB /* SignUpPresenter.swift */,
				05F8C3EE258B80E600D269DB /* SignUpViewModel.swift */,
				05F8C3FA258B81C100D269DB /* SignUpMapper.swift */,
			);
			path = SignUp;
			sourceTree = "<group>";
		};
		05F8C42C258B8ACC00D269DB /* Views */ = {
			isa = PBXGroup;
			children = (
				05F8C42D258B8AE200D269DB /* AlertViewSpy.swift */,
				05F8C453258B8DFF00D269DB /* LoadingViewSpy.swift */,
			);
			path = Views;
			sourceTree = "<group>";
		};
		05F8C439258B8B2100D269DB /* Validators */ = {
			isa = PBXGroup;
			children = (
				05F8C43A258B8B3800D269DB /* EmailValidatorSpy.swift */,
			);
			path = Validators;
			sourceTree = "<group>";
		};
		05F8C446258B8CB600D269DB /* UseCases */ = {
			isa = PBXGroup;
			children = (
				05F8C447258B8CEC00D269DB /* AddAccountSpy.swift */,
			);
			path = UseCases;
			sourceTree = "<group>";
		};
		05F8C45A258B8F1F00D269DB /* Helpers */ = {
			isa = PBXGroup;
			children = (
				05F8C45C258B8F4B00D269DB /* TestFactories.swift */,
			);
			path = Helpers;
			sourceTree = "<group>";
		};
		05F8C483258F6C9C00D269DB /* UI */ = {
			isa = PBXGroup;
			children = (
				05F8C485258F6C9D00D269DB /* Info.plist */,
				05715C2D2702C10E00D9CB1D /* SignUp */,
			);
			path = UI;
			sourceTree = "<group>";
		};
		05F8C48E258F6C9D00D269DB /* UITests */ = {
			isa = PBXGroup;
			children = (
				05715C302702C4C500D9CB1D /* Helpers */,
				05715C2C2702C0FF00D9CB1D /* SignUp */,
				05F8C491258F6C9D00D269DB /* Info.plist */,
			);
			path = UITests;
			sourceTree = "<group>";
		};
/* End PBXGroup section */

/* Begin PBXHeadersBuildPhase section */
		057BC04225759D4200BBBCC0 /* Headers */ = {
			isa = PBXHeadersBuildPhase;
			buildActionMask = 2147483647;
			files = (
			);
			runOnlyForDeploymentPostprocessing = 0;
		};
		05EF2F672565DA96008283E5 /* Headers */ = {
			isa = PBXHeadersBuildPhase;
			buildActionMask = 2147483647;
			files = (
			);
			runOnlyForDeploymentPostprocessing = 0;
		};
		05EF2F7C2565DF60008283E5 /* Headers */ = {
			isa = PBXHeadersBuildPhase;
			buildActionMask = 2147483647;
			files = (
			);
			runOnlyForDeploymentPostprocessing = 0;
		};
		05F8C356257D147000D269DB /* Headers */ = {
			isa = PBXHeadersBuildPhase;
			buildActionMask = 2147483647;
			files = (
			);
			runOnlyForDeploymentPostprocessing = 0;
		};
		05F8C47D258F6C9C00D269DB /* Headers */ = {
			isa = PBXHeadersBuildPhase;
			buildActionMask = 2147483647;
			files = (
			);
			runOnlyForDeploymentPostprocessing = 0;
		};
/* End PBXHeadersBuildPhase section */

/* Begin PBXNativeTarget section */
		057BC04625759D4200BBBCC0 /* Infra */ = {
			isa = PBXNativeTarget;
			buildConfigurationList = 057BC05825759D4300BBBCC0 /* Build configuration list for PBXNativeTarget "Infra" */;
			buildPhases = (
				057BC04225759D4200BBBCC0 /* Headers */,
				057BC04325759D4200BBBCC0 /* Sources */,
				057BC04425759D4200BBBCC0 /* Frameworks */,
				057BC04525759D4200BBBCC0 /* Resources */,
				057BC06E25759FBA00BBBCC0 /* Embed Frameworks */,
			);
			buildRules = (
			);
			dependencies = (
				057BC06D25759FBA00BBBCC0 /* PBXTargetDependency */,
			);
			name = Infra;
			packageProductDependencies = (
				057BC07B2575A48700BBBCC0 /* Alamofire */,
			);
			productName = Infra;
			productReference = 057BC04725759D4200BBBCC0 /* Infra.framework */;
			productType = "com.apple.product-type.framework";
		};
		057BC04E25759D4300BBBCC0 /* InfraTests */ = {
			isa = PBXNativeTarget;
			buildConfigurationList = 057BC05B25759D4300BBBCC0 /* Build configuration list for PBXNativeTarget "InfraTests" */;
			buildPhases = (
				057BC04B25759D4300BBBCC0 /* Sources */,
				057BC04C25759D4300BBBCC0 /* Frameworks */,
				057BC04D25759D4300BBBCC0 /* Resources */,
			);
			buildRules = (
			);
			dependencies = (
				057BC05225759D4300BBBCC0 /* PBXTargetDependency */,
			);
			name = InfraTests;
			productName = InfraTests;
			productReference = 057BC04F25759D4300BBBCC0 /* InfraTests.xctest */;
			productType = "com.apple.product-type.bundle.unit-test";
		};
		05EF2F6B2565DA96008283E5 /* Domain */ = {
			isa = PBXNativeTarget;
			buildConfigurationList = 05EF2F712565DA97008283E5 /* Build configuration list for PBXNativeTarget "Domain" */;
			buildPhases = (
				05EF2F672565DA96008283E5 /* Headers */,
				05EF2F682565DA96008283E5 /* Sources */,
				05EF2F692565DA96008283E5 /* Frameworks */,
				05EF2F6A2565DA96008283E5 /* Resources */,
			);
			buildRules = (
			);
			dependencies = (
			);
			name = Domain;
			productName = Domain;
			productReference = 05EF2F6C2565DA96008283E5 /* Domain.framework */;
			productType = "com.apple.product-type.framework";
		};
		05EF2F802565DF60008283E5 /* Data */ = {
			isa = PBXNativeTarget;
			buildConfigurationList = 05EF2F922565DF61008283E5 /* Build configuration list for PBXNativeTarget "Data" */;
			buildPhases = (
				05EF2F7C2565DF60008283E5 /* Headers */,
				05EF2F7D2565DF60008283E5 /* Sources */,
				05EF2F7E2565DF60008283E5 /* Frameworks */,
				05EF2F7F2565DF60008283E5 /* Resources */,
				05EF2FA32565DFA2008283E5 /* Embed Frameworks */,
			);
			buildRules = (
			);
			dependencies = (
				05EF2FA22565DFA2008283E5 /* PBXTargetDependency */,
			);
			name = Data;
			productName = Data;
			productReference = 05EF2F812565DF60008283E5 /* Data.framework */;
			productType = "com.apple.product-type.framework";
		};
		05EF2F882565DF61008283E5 /* DataTests */ = {
			isa = PBXNativeTarget;
			buildConfigurationList = 05EF2F952565DF61008283E5 /* Build configuration list for PBXNativeTarget "DataTests" */;
			buildPhases = (
				05EF2F852565DF61008283E5 /* Sources */,
				05EF2F862565DF61008283E5 /* Frameworks */,
				05EF2F872565DF61008283E5 /* Resources */,
			);
			buildRules = (
			);
			dependencies = (
				05EF2F8C2565DF61008283E5 /* PBXTargetDependency */,
			);
			name = DataTests;
			productName = DataTests;
			productReference = 05EF2F892565DF61008283E5 /* DataTests.xctest */;
			productType = "com.apple.product-type.bundle.unit-test";
		};
		05F8C33A257C0A3E00D269DB /* UseCasesIntegrationTests */ = {
			isa = PBXNativeTarget;
			buildConfigurationList = 05F8C343257C0A3F00D269DB /* Build configuration list for PBXNativeTarget "UseCasesIntegrationTests" */;
			buildPhases = (
				05F8C337257C0A3E00D269DB /* Sources */,
				05F8C338257C0A3E00D269DB /* Frameworks */,
				05F8C339257C0A3E00D269DB /* Resources */,
			);
			buildRules = (
			);
			dependencies = (
				05F8C34B257C0A7800D269DB /* PBXTargetDependency */,
				05F8C34D257C0A7800D269DB /* PBXTargetDependency */,
				05F8C342257C0A3F00D269DB /* PBXTargetDependency */,
			);
			name = UseCasesIntegrationTests;
			productName = UseCasesIntegrationTests;
			productReference = 05F8C33B257C0A3E00D269DB /* UseCasesIntegrationTests.xctest */;
			productType = "com.apple.product-type.bundle.unit-test";
		};
		05F8C35A257D147000D269DB /* Presentation */ = {
			isa = PBXNativeTarget;
			buildConfigurationList = 05F8C36C257D147000D269DB /* Build configuration list for PBXNativeTarget "Presentation" */;
			buildPhases = (
				05F8C356257D147000D269DB /* Headers */,
				05F8C357257D147000D269DB /* Sources */,
				05F8C358257D147000D269DB /* Frameworks */,
				05F8C359257D147000D269DB /* Resources */,
				05F8C398257D294600D269DB /* Embed Frameworks */,
			);
			buildRules = (
			);
			dependencies = (
				05F8C397257D294600D269DB /* PBXTargetDependency */,
			);
			name = Presentation;
			productName = Presentation;
			productReference = 05F8C35B257D147000D269DB /* Presentation.framework */;
			productType = "com.apple.product-type.framework";
		};
		05F8C362257D147000D269DB /* PresentationTests */ = {
			isa = PBXNativeTarget;
			buildConfigurationList = 05F8C36F257D147000D269DB /* Build configuration list for PBXNativeTarget "PresentationTests" */;
			buildPhases = (
				05F8C35F257D147000D269DB /* Sources */,
				05F8C360257D147000D269DB /* Frameworks */,
				05F8C361257D147000D269DB /* Resources */,
			);
			buildRules = (
			);
			dependencies = (
				05F8C366257D147000D269DB /* PBXTargetDependency */,
			);
			name = PresentationTests;
			productName = PresentationTests;
			productReference = 05F8C363257D147000D269DB /* PresentationTests.xctest */;
			productType = "com.apple.product-type.bundle.unit-test";
		};
		05F8C481258F6C9C00D269DB /* UI */ = {
			isa = PBXNativeTarget;
			buildConfigurationList = 05F8C497258F6C9D00D269DB /* Build configuration list for PBXNativeTarget "UI" */;
			buildPhases = (
				05F8C47D258F6C9C00D269DB /* Headers */,
				05F8C47E258F6C9C00D269DB /* Sources */,
				05F8C47F258F6C9C00D269DB /* Frameworks */,
				05F8C480258F6C9C00D269DB /* Resources */,
				05F8C4C1258F6E7600D269DB /* Embed Frameworks */,
			);
			buildRules = (
			);
			dependencies = (
				05F8C4C0258F6E7500D269DB /* PBXTargetDependency */,
			);
			name = UI;
			productName = UI;
			productReference = 05F8C482258F6C9C00D269DB /* UI.framework */;
			productType = "com.apple.product-type.framework";
		};
		05F8C489258F6C9D00D269DB /* UITests */ = {
			isa = PBXNativeTarget;
			buildConfigurationList = 05F8C498258F6C9D00D269DB /* Build configuration list for PBXNativeTarget "UITests" */;
			buildPhases = (
				05F8C486258F6C9D00D269DB /* Sources */,
				05F8C487258F6C9D00D269DB /* Frameworks */,
				05F8C488258F6C9D00D269DB /* Resources */,
			);
			buildRules = (
			);
			dependencies = (
				05F8C48D258F6C9D00D269DB /* PBXTargetDependency */,
			);
			name = UITests;
			productName = UITests;
			productReference = 05F8C48A258F6C9D00D269DB /* UITests.xctest */;
			productType = "com.apple.product-type.bundle.unit-test";
		};
/* End PBXNativeTarget section */

/* Begin PBXProject section */
		05EF2F512565D96B008283E5 /* Project object */ = {
			isa = PBXProject;
			attributes = {
				LastSwiftUpdateCheck = 1220;
				LastUpgradeCheck = 1220;
				TargetAttributes = {
					057BC04625759D4200BBBCC0 = {
						CreatedOnToolsVersion = 12.2;
						LastSwiftMigration = 1220;
					};
					057BC04E25759D4300BBBCC0 = {
						CreatedOnToolsVersion = 12.2;
					};
					05EF2F6B2565DA96008283E5 = {
						CreatedOnToolsVersion = 12.2;
						LastSwiftMigration = 1220;
					};
					05EF2F802565DF60008283E5 = {
						CreatedOnToolsVersion = 12.2;
						LastSwiftMigration = 1220;
					};
					05EF2F882565DF61008283E5 = {
						CreatedOnToolsVersion = 12.2;
					};
					05F8C33A257C0A3E00D269DB = {
						CreatedOnToolsVersion = 12.2;
					};
					05F8C35A257D147000D269DB = {
						CreatedOnToolsVersion = 12.2;
						LastSwiftMigration = 1220;
					};
					05F8C362257D147000D269DB = {
						CreatedOnToolsVersion = 12.2;
					};
					05F8C481258F6C9C00D269DB = {
						CreatedOnToolsVersion = 12.2;
						LastSwiftMigration = 1220;
					};
					05F8C489258F6C9D00D269DB = {
						CreatedOnToolsVersion = 12.2;
					};
				};
			};
			buildConfigurationList = 05EF2F542565D96B008283E5 /* Build configuration list for PBXProject "CleanApp" */;
			compatibilityVersion = "Xcode 9.3";
			developmentRegion = en;
			hasScannedForEncodings = 0;
			knownRegions = (
				en,
				Base,
			);
			mainGroup = 05EF2F502565D96B008283E5;
			packageReferences = (
				057BC07A2575A48700BBBCC0 /* XCRemoteSwiftPackageReference "Alamofire" */,
			);
			productRefGroup = 05EF2F5B2565D96B008283E5 /* Products */;
			projectDirPath = "";
			projectRoot = "";
			targets = (
				05EF2F6B2565DA96008283E5 /* Domain */,
				05EF2F802565DF60008283E5 /* Data */,
				05EF2F882565DF61008283E5 /* DataTests */,
				057BC04625759D4200BBBCC0 /* Infra */,
				057BC04E25759D4300BBBCC0 /* InfraTests */,
				05F8C33A257C0A3E00D269DB /* UseCasesIntegrationTests */,
				05F8C35A257D147000D269DB /* Presentation */,
				05F8C362257D147000D269DB /* PresentationTests */,
				05F8C481258F6C9C00D269DB /* UI */,
				05F8C489258F6C9D00D269DB /* UITests */,
			);
		};
/* End PBXProject section */

/* Begin PBXResourcesBuildPhase section */
		057BC04525759D4200BBBCC0 /* Resources */ = {
			isa = PBXResourcesBuildPhase;
			buildActionMask = 2147483647;
			files = (
			);
			runOnlyForDeploymentPostprocessing = 0;
		};
		057BC04D25759D4300BBBCC0 /* Resources */ = {
			isa = PBXResourcesBuildPhase;
			buildActionMask = 2147483647;
			files = (
			);
			runOnlyForDeploymentPostprocessing = 0;
		};
		05EF2F6A2565DA96008283E5 /* Resources */ = {
			isa = PBXResourcesBuildPhase;
			buildActionMask = 2147483647;
			files = (
			);
			runOnlyForDeploymentPostprocessing = 0;
		};
		05EF2F7F2565DF60008283E5 /* Resources */ = {
			isa = PBXResourcesBuildPhase;
			buildActionMask = 2147483647;
			files = (
			);
			runOnlyForDeploymentPostprocessing = 0;
		};
		05EF2F872565DF61008283E5 /* Resources */ = {
			isa = PBXResourcesBuildPhase;
			buildActionMask = 2147483647;
			files = (
			);
			runOnlyForDeploymentPostprocessing = 0;
		};
		05F8C339257C0A3E00D269DB /* Resources */ = {
			isa = PBXResourcesBuildPhase;
			buildActionMask = 2147483647;
			files = (
			);
			runOnlyForDeploymentPostprocessing = 0;
		};
		05F8C359257D147000D269DB /* Resources */ = {
			isa = PBXResourcesBuildPhase;
			buildActionMask = 2147483647;
			files = (
			);
			runOnlyForDeploymentPostprocessing = 0;
		};
		05F8C361257D147000D269DB /* Resources */ = {
			isa = PBXResourcesBuildPhase;
			buildActionMask = 2147483647;
			files = (
			);
			runOnlyForDeploymentPostprocessing = 0;
		};
		05F8C480258F6C9C00D269DB /* Resources */ = {
			isa = PBXResourcesBuildPhase;
			buildActionMask = 2147483647;
			files = (
			);
			runOnlyForDeploymentPostprocessing = 0;
		};
		05F8C488258F6C9D00D269DB /* Resources */ = {
			isa = PBXResourcesBuildPhase;
			buildActionMask = 2147483647;
			files = (
				05F6E9B027029F130088D91B /* SignUp.storyboard in Resources */,
			);
			runOnlyForDeploymentPostprocessing = 0;
		};
/* End PBXResourcesBuildPhase section */

/* Begin PBXSourcesBuildPhase section */
		057BC04325759D4200BBBCC0 /* Sources */ = {
			isa = PBXSourcesBuildPhase;
			buildActionMask = 2147483647;
			files = (
				05F8C326257C046900D269DB /* AlamofireAdapter.swift in Sources */,
			);
			runOnlyForDeploymentPostprocessing = 0;
		};
		057BC04B25759D4300BBBCC0 /* Sources */ = {
			isa = PBXSourcesBuildPhase;
			buildActionMask = 2147483647;
			files = (
				057BC07625759FF300BBBCC0 /* TestFactories.swift in Sources */,
				057BC05525759D4300BBBCC0 /* AlamofireAdapterTests.swift in Sources */,
				057BC07225759FEB00BBBCC0 /* TestExtensions.swift in Sources */,
				05F8C330257C057B00D269DB /* UrlProtocolStub.swift in Sources */,
			);
			runOnlyForDeploymentPostprocessing = 0;
		};
		05EF2F682565DA96008283E5 /* Sources */ = {
			isa = PBXSourcesBuildPhase;
			buildActionMask = 2147483647;
			files = (
				05EF2FA92569545B008283E5 /* Model.swift in Sources */,
				05EF2F772565DCDF008283E5 /* AddAccount.swift in Sources */,
				05EF2FBF2569597D008283E5 /* DomainError.swift in Sources */,
				05EF2F7A2565DE17008283E5 /* AccountModel.swift in Sources */,
			);
			runOnlyForDeploymentPostprocessing = 0;
		};
		05EF2F7D2565DF60008283E5 /* Sources */ = {
			isa = PBXSourcesBuildPhase;
			buildActionMask = 2147483647;
			files = (
				05EF2FB125695514008283E5 /* HttpPostClient.swift in Sources */,
				057BC029257589D600BBBCC0 /* ExtensionHelper.swift in Sources */,
				05EF2FC525695B75008283E5 /* HttpError.swift in Sources */,
				05EF2FAD256954CC008283E5 /* RemoteAddAccount.swift in Sources */,
			);
			runOnlyForDeploymentPostprocessing = 0;
		};
		05EF2F852565DF61008283E5 /* Sources */ = {
			isa = PBXSourcesBuildPhase;
			buildActionMask = 2147483647;
			files = (
				057BC03425759AB300BBBCC0 /* TestFactories.swift in Sources */,
				057BC03925759B0900BBBCC0 /* HttpClientSpy.swift in Sources */,
				05EF2F8F2565DF61008283E5 /* RemoteAddAccountTests.swift in Sources */,
				057BC03F25759BAB00BBBCC0 /* AccountModelFactory.swift in Sources */,
				057BC02E25759A3A00BBBCC0 /* TestExtensions.swift in Sources */,
			);
			runOnlyForDeploymentPostprocessing = 0;
		};
		05F8C337257C0A3E00D269DB /* Sources */ = {
			isa = PBXSourcesBuildPhase;
			buildActionMask = 2147483647;
			files = (
				05F8C33E257C0A3F00D269DB /* AddAccountIntegrationTests.swift in Sources */,
			);
			runOnlyForDeploymentPostprocessing = 0;
		};
		05F8C357257D147000D269DB /* Sources */ = {
			isa = PBXSourcesBuildPhase;
			buildActionMask = 2147483647;
			files = (
				05F8C3CF257DB1C300D269DB /* EmaiValidator.swift in Sources */,
				05F8C3E72586A32200D269DB /* LoadingView.swift in Sources */,
				05F8C3FB258B81C100D269DB /* SignUpMapper.swift in Sources */,
				05F8C38D257D293400D269DB /* SignUpPresenter.swift in Sources */,
				05F8C401258B830500D269DB /* SignUpViewModel.swift in Sources */,
				05F8C3A0257D29F800D269DB /* AlertView.swift in Sources */,
			);
			runOnlyForDeploymentPostprocessing = 0;
		};
		05F8C35F257D147000D269DB /* Sources */ = {
			isa = PBXSourcesBuildPhase;
			buildActionMask = 2147483647;
			files = (
				05F8C454258B8DFF00D269DB /* LoadingViewSpy.swift in Sources */,
				05F8C42E258B8AE200D269DB /* AlertViewSpy.swift in Sources */,
				05F8C448258B8CEC00D269DB /* AddAccountSpy.swift in Sources */,
				05F8C3DA25865C9E00D269DB /* AccountModelFactory.swift in Sources */,
				05F8C43B258B8B3800D269DB /* EmailValidatorSpy.swift in Sources */,
				05F8C3E025866A2E00D269DB /* TestExtensions.swift in Sources */,
				05F8C472258B8F9B00D269DB /* TestFactories.swift in Sources */,
				05F8C369257D147000D269DB /* SignUpPresenterTests.swift in Sources */,
			);
			runOnlyForDeploymentPostprocessing = 0;
		};
		05F8C47E258F6C9C00D269DB /* Sources */ = {
			isa = PBXSourcesBuildPhase;
			buildActionMask = 2147483647;
			files = (
				05F8C505258F754800D269DB /* SignUpViewController.swift in Sources */,
				05F6E9B22702A3D20088D91B /* SignUpViewController2.swift in Sources */,
			);
			runOnlyForDeploymentPostprocessing = 0;
		};
		05F8C486258F6C9D00D269DB /* Sources */ = {
			isa = PBXSourcesBuildPhase;
			buildActionMask = 2147483647;
			files = (
				05F6E9B42702A4110088D91B /* SignUpViewController2Tests.swift in Sources */,
				05F8C51A258F776800D269DB /* SignUpViewController.swift in Sources */,
				05715C322702C4E100D9CB1D /* Text+Ext.swift in Sources */,
				05F8C490258F6C9D00D269DB /* SignUpViewControllerTests.swift in Sources */,
			);
			runOnlyForDeploymentPostprocessing = 0;
		};
/* End PBXSourcesBuildPhase section */

/* Begin PBXTargetDependency section */
		057BC05225759D4300BBBCC0 /* PBXTargetDependency */ = {
			isa = PBXTargetDependency;
			target = 057BC04625759D4200BBBCC0 /* Infra */;
			targetProxy = 057BC05125759D4300BBBCC0 /* PBXContainerItemProxy */;
		};
		057BC06D25759FBA00BBBCC0 /* PBXTargetDependency */ = {
			isa = PBXTargetDependency;
			target = 05EF2F802565DF60008283E5 /* Data */;
			targetProxy = 057BC06C25759FBA00BBBCC0 /* PBXContainerItemProxy */;
		};
		05EF2F8C2565DF61008283E5 /* PBXTargetDependency */ = {
			isa = PBXTargetDependency;
			target = 05EF2F802565DF60008283E5 /* Data */;
			targetProxy = 05EF2F8B2565DF61008283E5 /* PBXContainerItemProxy */;
		};
		05EF2FA22565DFA2008283E5 /* PBXTargetDependency */ = {
			isa = PBXTargetDependency;
			target = 05EF2F6B2565DA96008283E5 /* Domain */;
			targetProxy = 05EF2FA12565DFA2008283E5 /* PBXContainerItemProxy */;
		};
		05F8C342257C0A3F00D269DB /* PBXTargetDependency */ = {
			isa = PBXTargetDependency;
			target = 05EF2F802565DF60008283E5 /* Data */;
			targetProxy = 05F8C341257C0A3F00D269DB /* PBXContainerItemProxy */;
		};
		05F8C34B257C0A7800D269DB /* PBXTargetDependency */ = {
			isa = PBXTargetDependency;
			target = 05EF2F6B2565DA96008283E5 /* Domain */;
			targetProxy = 05F8C34A257C0A7800D269DB /* PBXContainerItemProxy */;
		};
		05F8C34D257C0A7800D269DB /* PBXTargetDependency */ = {
			isa = PBXTargetDependency;
			target = 057BC04625759D4200BBBCC0 /* Infra */;
			targetProxy = 05F8C34C257C0A7800D269DB /* PBXContainerItemProxy */;
		};
		05F8C366257D147000D269DB /* PBXTargetDependency */ = {
			isa = PBXTargetDependency;
			target = 05F8C35A257D147000D269DB /* Presentation */;
			targetProxy = 05F8C365257D147000D269DB /* PBXContainerItemProxy */;
		};
		05F8C397257D294600D269DB /* PBXTargetDependency */ = {
			isa = PBXTargetDependency;
			target = 05EF2F6B2565DA96008283E5 /* Domain */;
			targetProxy = 05F8C396257D294600D269DB /* PBXContainerItemProxy */;
		};
		05F8C48D258F6C9D00D269DB /* PBXTargetDependency */ = {
			isa = PBXTargetDependency;
			target = 05F8C481258F6C9C00D269DB /* UI */;
			targetProxy = 05F8C48C258F6C9D00D269DB /* PBXContainerItemProxy */;
		};
		05F8C4C0258F6E7500D269DB /* PBXTargetDependency */ = {
			isa = PBXTargetDependency;
			target = 05F8C35A257D147000D269DB /* Presentation */;
			targetProxy = 05F8C4BF258F6E7500D269DB /* PBXContainerItemProxy */;
		};
/* End PBXTargetDependency section */

/* Begin XCBuildConfiguration section */
		057BC05925759D4300BBBCC0 /* Debug */ = {
			isa = XCBuildConfiguration;
			buildSettings = {
				CLANG_ENABLE_MODULES = YES;
				CODE_SIGN_STYLE = Automatic;
				COMBINE_HIDPI_IMAGES = YES;
				DEFINES_MODULE = YES;
				DYLIB_COMPATIBILITY_VERSION = 1;
				DYLIB_CURRENT_VERSION = 1;
				DYLIB_INSTALL_NAME_BASE = "@rpath";
				INFOPLIST_FILE = Infra/Info.plist;
				INSTALL_PATH = "$(LOCAL_LIBRARY_DIR)/Frameworks";
				LD_RUNPATH_SEARCH_PATHS = (
					"$(inherited)",
					"@executable_path/../Frameworks",
					"@loader_path/Frameworks",
				);
				MACOSX_DEPLOYMENT_TARGET = 11.0;
				PRODUCT_BUNDLE_IDENTIFIER = camargo.joao.com.br.Infra;
				PRODUCT_NAME = "$(TARGET_NAME:c99extidentifier)";
				SDKROOT = macosx;
				SKIP_INSTALL = YES;
				SUPPORTED_PLATFORMS = "macosx iphoneos iphonesimulator";
				SWIFT_OPTIMIZATION_LEVEL = "-Onone";
				SWIFT_VERSION = 5.0;
			};
			name = Debug;
		};
		057BC05A25759D4300BBBCC0 /* Release */ = {
			isa = XCBuildConfiguration;
			buildSettings = {
				CLANG_ENABLE_MODULES = YES;
				CODE_SIGN_STYLE = Automatic;
				COMBINE_HIDPI_IMAGES = YES;
				DEFINES_MODULE = YES;
				DYLIB_COMPATIBILITY_VERSION = 1;
				DYLIB_CURRENT_VERSION = 1;
				DYLIB_INSTALL_NAME_BASE = "@rpath";
				INFOPLIST_FILE = Infra/Info.plist;
				INSTALL_PATH = "$(LOCAL_LIBRARY_DIR)/Frameworks";
				LD_RUNPATH_SEARCH_PATHS = (
					"$(inherited)",
					"@executable_path/../Frameworks",
					"@loader_path/Frameworks",
				);
				MACOSX_DEPLOYMENT_TARGET = 11.0;
				PRODUCT_BUNDLE_IDENTIFIER = camargo.joao.com.br.Infra;
				PRODUCT_NAME = "$(TARGET_NAME:c99extidentifier)";
				SDKROOT = macosx;
				SKIP_INSTALL = YES;
				SUPPORTED_PLATFORMS = "macosx iphoneos iphonesimulator";
				SWIFT_VERSION = 5.0;
			};
			name = Release;
		};
		057BC05C25759D4300BBBCC0 /* Debug */ = {
			isa = XCBuildConfiguration;
			buildSettings = {
				ALWAYS_EMBED_SWIFT_STANDARD_LIBRARIES = YES;
				CODE_SIGN_STYLE = Automatic;
				COMBINE_HIDPI_IMAGES = YES;
				INFOPLIST_FILE = InfraTests/Info.plist;
				LD_RUNPATH_SEARCH_PATHS = (
					"$(inherited)",
					"@executable_path/../Frameworks",
					"@loader_path/../Frameworks",
				);
				MACOSX_DEPLOYMENT_TARGET = 11.0;
				PRODUCT_BUNDLE_IDENTIFIER = camargo.joao.com.br.InfraTests;
				PRODUCT_NAME = "$(TARGET_NAME)";
				SDKROOT = macosx;
				SWIFT_VERSION = 5.0;
			};
			name = Debug;
		};
		057BC05D25759D4300BBBCC0 /* Release */ = {
			isa = XCBuildConfiguration;
			buildSettings = {
				ALWAYS_EMBED_SWIFT_STANDARD_LIBRARIES = YES;
				CODE_SIGN_STYLE = Automatic;
				COMBINE_HIDPI_IMAGES = YES;
				INFOPLIST_FILE = InfraTests/Info.plist;
				LD_RUNPATH_SEARCH_PATHS = (
					"$(inherited)",
					"@executable_path/../Frameworks",
					"@loader_path/../Frameworks",
				);
				MACOSX_DEPLOYMENT_TARGET = 11.0;
				PRODUCT_BUNDLE_IDENTIFIER = camargo.joao.com.br.InfraTests;
				PRODUCT_NAME = "$(TARGET_NAME)";
				SDKROOT = macosx;
				SWIFT_VERSION = 5.0;
			};
			name = Release;
		};
		05EF2F602565D96B008283E5 /* Debug */ = {
			isa = XCBuildConfiguration;
			buildSettings = {
				ALWAYS_SEARCH_USER_PATHS = NO;
				CLANG_ANALYZER_NONNULL = YES;
				CLANG_ANALYZER_NUMBER_OBJECT_CONVERSION = YES_AGGRESSIVE;
				CLANG_CXX_LANGUAGE_STANDARD = "gnu++14";
				CLANG_CXX_LIBRARY = "libc++";
				CLANG_ENABLE_MODULES = YES;
				CLANG_ENABLE_OBJC_ARC = YES;
				CLANG_ENABLE_OBJC_WEAK = YES;
				CLANG_WARN_BLOCK_CAPTURE_AUTORELEASING = YES;
				CLANG_WARN_BOOL_CONVERSION = YES;
				CLANG_WARN_COMMA = YES;
				CLANG_WARN_CONSTANT_CONVERSION = YES;
				CLANG_WARN_DEPRECATED_OBJC_IMPLEMENTATIONS = YES;
				CLANG_WARN_DIRECT_OBJC_ISA_USAGE = YES_ERROR;
				CLANG_WARN_DOCUMENTATION_COMMENTS = YES;
				CLANG_WARN_EMPTY_BODY = YES;
				CLANG_WARN_ENUM_CONVERSION = YES;
				CLANG_WARN_INFINITE_RECURSION = YES;
				CLANG_WARN_INT_CONVERSION = YES;
				CLANG_WARN_NON_LITERAL_NULL_CONVERSION = YES;
				CLANG_WARN_OBJC_IMPLICIT_RETAIN_SELF = YES;
				CLANG_WARN_OBJC_LITERAL_CONVERSION = YES;
				CLANG_WARN_OBJC_ROOT_CLASS = YES_ERROR;
				CLANG_WARN_QUOTED_INCLUDE_IN_FRAMEWORK_HEADER = YES;
				CLANG_WARN_RANGE_LOOP_ANALYSIS = YES;
				CLANG_WARN_STRICT_PROTOTYPES = YES;
				CLANG_WARN_SUSPICIOUS_MOVE = YES;
				CLANG_WARN_UNGUARDED_AVAILABILITY = YES_AGGRESSIVE;
				CLANG_WARN_UNREACHABLE_CODE = YES;
				CLANG_WARN__DUPLICATE_METHOD_MATCH = YES;
				COPY_PHASE_STRIP = NO;
				CURRENT_PROJECT_VERSION = 1;
				DEBUG_INFORMATION_FORMAT = dwarf;
				ENABLE_STRICT_OBJC_MSGSEND = YES;
				ENABLE_TESTABILITY = YES;
				GCC_C_LANGUAGE_STANDARD = gnu11;
				GCC_DYNAMIC_NO_PIC = NO;
				GCC_NO_COMMON_BLOCKS = YES;
				GCC_OPTIMIZATION_LEVEL = 0;
				GCC_PREPROCESSOR_DEFINITIONS = (
					"DEBUG=1",
					"$(inherited)",
				);
				GCC_WARN_64_TO_32_BIT_CONVERSION = YES;
				GCC_WARN_ABOUT_RETURN_TYPE = YES_ERROR;
				GCC_WARN_UNDECLARED_SELECTOR = YES;
				GCC_WARN_UNINITIALIZED_AUTOS = YES_AGGRESSIVE;
				GCC_WARN_UNUSED_FUNCTION = YES;
				GCC_WARN_UNUSED_VARIABLE = YES;
				IPHONEOS_DEPLOYMENT_TARGET = 14.2;
				MTL_ENABLE_DEBUG_INFO = INCLUDE_SOURCE;
				MTL_FAST_MATH = YES;
				ONLY_ACTIVE_ARCH = YES;
				SDKROOT = iphoneos;
				SWIFT_ACTIVE_COMPILATION_CONDITIONS = DEBUG;
				SWIFT_OPTIMIZATION_LEVEL = "-Onone";
				VERSIONING_SYSTEM = "apple-generic";
				VERSION_INFO_PREFIX = "";
			};
			name = Debug;
		};
		05EF2F612565D96B008283E5 /* Release */ = {
			isa = XCBuildConfiguration;
			buildSettings = {
				ALWAYS_SEARCH_USER_PATHS = NO;
				CLANG_ANALYZER_NONNULL = YES;
				CLANG_ANALYZER_NUMBER_OBJECT_CONVERSION = YES_AGGRESSIVE;
				CLANG_CXX_LANGUAGE_STANDARD = "gnu++14";
				CLANG_CXX_LIBRARY = "libc++";
				CLANG_ENABLE_MODULES = YES;
				CLANG_ENABLE_OBJC_ARC = YES;
				CLANG_ENABLE_OBJC_WEAK = YES;
				CLANG_WARN_BLOCK_CAPTURE_AUTORELEASING = YES;
				CLANG_WARN_BOOL_CONVERSION = YES;
				CLANG_WARN_COMMA = YES;
				CLANG_WARN_CONSTANT_CONVERSION = YES;
				CLANG_WARN_DEPRECATED_OBJC_IMPLEMENTATIONS = YES;
				CLANG_WARN_DIRECT_OBJC_ISA_USAGE = YES_ERROR;
				CLANG_WARN_DOCUMENTATION_COMMENTS = YES;
				CLANG_WARN_EMPTY_BODY = YES;
				CLANG_WARN_ENUM_CONVERSION = YES;
				CLANG_WARN_INFINITE_RECURSION = YES;
				CLANG_WARN_INT_CONVERSION = YES;
				CLANG_WARN_NON_LITERAL_NULL_CONVERSION = YES;
				CLANG_WARN_OBJC_IMPLICIT_RETAIN_SELF = YES;
				CLANG_WARN_OBJC_LITERAL_CONVERSION = YES;
				CLANG_WARN_OBJC_ROOT_CLASS = YES_ERROR;
				CLANG_WARN_QUOTED_INCLUDE_IN_FRAMEWORK_HEADER = YES;
				CLANG_WARN_RANGE_LOOP_ANALYSIS = YES;
				CLANG_WARN_STRICT_PROTOTYPES = YES;
				CLANG_WARN_SUSPICIOUS_MOVE = YES;
				CLANG_WARN_UNGUARDED_AVAILABILITY = YES_AGGRESSIVE;
				CLANG_WARN_UNREACHABLE_CODE = YES;
				CLANG_WARN__DUPLICATE_METHOD_MATCH = YES;
				COPY_PHASE_STRIP = NO;
				CURRENT_PROJECT_VERSION = 1;
				DEBUG_INFORMATION_FORMAT = "dwarf-with-dsym";
				ENABLE_NS_ASSERTIONS = NO;
				ENABLE_STRICT_OBJC_MSGSEND = YES;
				GCC_C_LANGUAGE_STANDARD = gnu11;
				GCC_NO_COMMON_BLOCKS = YES;
				GCC_WARN_64_TO_32_BIT_CONVERSION = YES;
				GCC_WARN_ABOUT_RETURN_TYPE = YES_ERROR;
				GCC_WARN_UNDECLARED_SELECTOR = YES;
				GCC_WARN_UNINITIALIZED_AUTOS = YES_AGGRESSIVE;
				GCC_WARN_UNUSED_FUNCTION = YES;
				GCC_WARN_UNUSED_VARIABLE = YES;
				IPHONEOS_DEPLOYMENT_TARGET = 14.2;
				MTL_ENABLE_DEBUG_INFO = NO;
				MTL_FAST_MATH = YES;
				SDKROOT = iphoneos;
				SWIFT_COMPILATION_MODE = wholemodule;
				SWIFT_OPTIMIZATION_LEVEL = "-O";
				VALIDATE_PRODUCT = YES;
				VERSIONING_SYSTEM = "apple-generic";
				VERSION_INFO_PREFIX = "";
			};
			name = Release;
		};
		05EF2F722565DA97008283E5 /* Debug */ = {
			isa = XCBuildConfiguration;
			buildSettings = {
				CLANG_ENABLE_MODULES = YES;
				CODE_SIGN_STYLE = Automatic;
				COMBINE_HIDPI_IMAGES = YES;
				DEFINES_MODULE = YES;
				DYLIB_COMPATIBILITY_VERSION = 1;
				DYLIB_CURRENT_VERSION = 1;
				DYLIB_INSTALL_NAME_BASE = "@rpath";
				INFOPLIST_FILE = Domain/Info.plist;
				INSTALL_PATH = "$(LOCAL_LIBRARY_DIR)/Frameworks";
				LD_RUNPATH_SEARCH_PATHS = (
					"$(inherited)",
					"@executable_path/../Frameworks",
					"@loader_path/Frameworks",
				);
				MACOSX_DEPLOYMENT_TARGET = 11.0;
				PRODUCT_BUNDLE_IDENTIFIER = camargo.joao.com.br.Domain;
				PRODUCT_NAME = "$(TARGET_NAME:c99extidentifier)";
				SDKROOT = macosx;
				SKIP_INSTALL = YES;
				SUPPORTED_PLATFORMS = "macosx iphonesimulator iphoneos";
				SWIFT_OPTIMIZATION_LEVEL = "-Onone";
				SWIFT_VERSION = 5.0;
			};
			name = Debug;
		};
		05EF2F732565DA97008283E5 /* Release */ = {
			isa = XCBuildConfiguration;
			buildSettings = {
				CLANG_ENABLE_MODULES = YES;
				CODE_SIGN_STYLE = Automatic;
				COMBINE_HIDPI_IMAGES = YES;
				DEFINES_MODULE = YES;
				DYLIB_COMPATIBILITY_VERSION = 1;
				DYLIB_CURRENT_VERSION = 1;
				DYLIB_INSTALL_NAME_BASE = "@rpath";
				INFOPLIST_FILE = Domain/Info.plist;
				INSTALL_PATH = "$(LOCAL_LIBRARY_DIR)/Frameworks";
				LD_RUNPATH_SEARCH_PATHS = (
					"$(inherited)",
					"@executable_path/../Frameworks",
					"@loader_path/Frameworks",
				);
				MACOSX_DEPLOYMENT_TARGET = 11.0;
				PRODUCT_BUNDLE_IDENTIFIER = camargo.joao.com.br.Domain;
				PRODUCT_NAME = "$(TARGET_NAME:c99extidentifier)";
				SDKROOT = macosx;
				SKIP_INSTALL = YES;
				SUPPORTED_PLATFORMS = "macosx iphonesimulator iphoneos";
				SWIFT_VERSION = 5.0;
			};
			name = Release;
		};
		05EF2F932565DF61008283E5 /* Debug */ = {
			isa = XCBuildConfiguration;
			buildSettings = {
				CLANG_ENABLE_MODULES = YES;
				CODE_SIGN_STYLE = Automatic;
				COMBINE_HIDPI_IMAGES = YES;
				DEFINES_MODULE = YES;
				DYLIB_COMPATIBILITY_VERSION = 1;
				DYLIB_CURRENT_VERSION = 1;
				DYLIB_INSTALL_NAME_BASE = "@rpath";
				INFOPLIST_FILE = Data/Info.plist;
				INSTALL_PATH = "$(LOCAL_LIBRARY_DIR)/Frameworks";
				LD_RUNPATH_SEARCH_PATHS = (
					"$(inherited)",
					"@executable_path/../Frameworks",
					"@loader_path/Frameworks",
				);
				MACOSX_DEPLOYMENT_TARGET = 11.0;
				PRODUCT_BUNDLE_IDENTIFIER = camargo.joao.com.br.Data;
				PRODUCT_NAME = "$(TARGET_NAME:c99extidentifier)";
				SDKROOT = macosx;
				SKIP_INSTALL = YES;
				SUPPORTED_PLATFORMS = "macosx iphoneos iphonesimulator";
				SWIFT_OPTIMIZATION_LEVEL = "-Onone";
				SWIFT_VERSION = 5.0;
			};
			name = Debug;
		};
		05EF2F942565DF61008283E5 /* Release */ = {
			isa = XCBuildConfiguration;
			buildSettings = {
				CLANG_ENABLE_MODULES = YES;
				CODE_SIGN_STYLE = Automatic;
				COMBINE_HIDPI_IMAGES = YES;
				DEFINES_MODULE = YES;
				DYLIB_COMPATIBILITY_VERSION = 1;
				DYLIB_CURRENT_VERSION = 1;
				DYLIB_INSTALL_NAME_BASE = "@rpath";
				INFOPLIST_FILE = Data/Info.plist;
				INSTALL_PATH = "$(LOCAL_LIBRARY_DIR)/Frameworks";
				LD_RUNPATH_SEARCH_PATHS = (
					"$(inherited)",
					"@executable_path/../Frameworks",
					"@loader_path/Frameworks",
				);
				MACOSX_DEPLOYMENT_TARGET = 11.0;
				PRODUCT_BUNDLE_IDENTIFIER = camargo.joao.com.br.Data;
				PRODUCT_NAME = "$(TARGET_NAME:c99extidentifier)";
				SDKROOT = macosx;
				SKIP_INSTALL = YES;
				SUPPORTED_PLATFORMS = "macosx iphoneos iphonesimulator";
				SWIFT_VERSION = 5.0;
			};
			name = Release;
		};
		05EF2F962565DF61008283E5 /* Debug */ = {
			isa = XCBuildConfiguration;
			buildSettings = {
				ALWAYS_EMBED_SWIFT_STANDARD_LIBRARIES = YES;
				CODE_SIGN_STYLE = Automatic;
				COMBINE_HIDPI_IMAGES = YES;
				INFOPLIST_FILE = DataTests/Info.plist;
				LD_RUNPATH_SEARCH_PATHS = (
					"$(inherited)",
					"@executable_path/../Frameworks",
					"@loader_path/../Frameworks",
				);
				MACOSX_DEPLOYMENT_TARGET = 11.0;
				PRODUCT_BUNDLE_IDENTIFIER = camargo.joao.com.br.DataTests;
				PRODUCT_NAME = "$(TARGET_NAME)";
				SDKROOT = macosx;
				SWIFT_VERSION = 5.0;
			};
			name = Debug;
		};
		05EF2F972565DF61008283E5 /* Release */ = {
			isa = XCBuildConfiguration;
			buildSettings = {
				ALWAYS_EMBED_SWIFT_STANDARD_LIBRARIES = YES;
				CODE_SIGN_STYLE = Automatic;
				COMBINE_HIDPI_IMAGES = YES;
				INFOPLIST_FILE = DataTests/Info.plist;
				LD_RUNPATH_SEARCH_PATHS = (
					"$(inherited)",
					"@executable_path/../Frameworks",
					"@loader_path/../Frameworks",
				);
				MACOSX_DEPLOYMENT_TARGET = 11.0;
				PRODUCT_BUNDLE_IDENTIFIER = camargo.joao.com.br.DataTests;
				PRODUCT_NAME = "$(TARGET_NAME)";
				SDKROOT = macosx;
				SWIFT_VERSION = 5.0;
			};
			name = Release;
		};
		05F8C344257C0A3F00D269DB /* Debug */ = {
			isa = XCBuildConfiguration;
			buildSettings = {
				CODE_SIGN_STYLE = Automatic;
				COMBINE_HIDPI_IMAGES = YES;
				DEVELOPMENT_TEAM = ZLRHSN44X4;
				INFOPLIST_FILE = UseCasesIntegrationTests/Info.plist;
				LD_RUNPATH_SEARCH_PATHS = (
					"$(inherited)",
					"@executable_path/../Frameworks",
					"@loader_path/../Frameworks",
				);
				MACOSX_DEPLOYMENT_TARGET = 11.0;
				PRODUCT_BUNDLE_IDENTIFIER = camargo.joao.com.br.UseCasesIntegrationTests;
				PRODUCT_NAME = "$(TARGET_NAME)";
				SDKROOT = macosx;
				SWIFT_VERSION = 5.0;
			};
			name = Debug;
		};
		05F8C345257C0A3F00D269DB /* Release */ = {
			isa = XCBuildConfiguration;
			buildSettings = {
				CODE_SIGN_STYLE = Automatic;
				COMBINE_HIDPI_IMAGES = YES;
				DEVELOPMENT_TEAM = ZLRHSN44X4;
				INFOPLIST_FILE = UseCasesIntegrationTests/Info.plist;
				LD_RUNPATH_SEARCH_PATHS = (
					"$(inherited)",
					"@executable_path/../Frameworks",
					"@loader_path/../Frameworks",
				);
				MACOSX_DEPLOYMENT_TARGET = 11.0;
				PRODUCT_BUNDLE_IDENTIFIER = camargo.joao.com.br.UseCasesIntegrationTests;
				PRODUCT_NAME = "$(TARGET_NAME)";
				SDKROOT = macosx;
				SWIFT_VERSION = 5.0;
			};
			name = Release;
		};
		05F8C36D257D147000D269DB /* Debug */ = {
			isa = XCBuildConfiguration;
			buildSettings = {
				CLANG_ENABLE_MODULES = YES;
				CODE_SIGN_STYLE = Automatic;
				COMBINE_HIDPI_IMAGES = YES;
				DEFINES_MODULE = YES;
				DEVELOPMENT_TEAM = ZLRHSN44X4;
				DYLIB_COMPATIBILITY_VERSION = 1;
				DYLIB_CURRENT_VERSION = 1;
				DYLIB_INSTALL_NAME_BASE = "@rpath";
				INFOPLIST_FILE = Presentation/Info.plist;
				INSTALL_PATH = "$(LOCAL_LIBRARY_DIR)/Frameworks";
				LD_RUNPATH_SEARCH_PATHS = (
					"$(inherited)",
					"@executable_path/../Frameworks",
					"@loader_path/Frameworks",
				);
				MACOSX_DEPLOYMENT_TARGET = 11.0;
				PRODUCT_BUNDLE_IDENTIFIER = camargo.joao.com.br.Presentation;
				PRODUCT_NAME = "$(TARGET_NAME:c99extidentifier)";
				SDKROOT = macosx;
				SKIP_INSTALL = YES;
				SUPPORTED_PLATFORMS = "macosx iphonesimulator iphoneos";
				SWIFT_OPTIMIZATION_LEVEL = "-Onone";
				SWIFT_VERSION = 5.0;
			};
			name = Debug;
		};
		05F8C36E257D147000D269DB /* Release */ = {
			isa = XCBuildConfiguration;
			buildSettings = {
				CLANG_ENABLE_MODULES = YES;
				CODE_SIGN_STYLE = Automatic;
				COMBINE_HIDPI_IMAGES = YES;
				DEFINES_MODULE = YES;
				DEVELOPMENT_TEAM = ZLRHSN44X4;
				DYLIB_COMPATIBILITY_VERSION = 1;
				DYLIB_CURRENT_VERSION = 1;
				DYLIB_INSTALL_NAME_BASE = "@rpath";
				INFOPLIST_FILE = Presentation/Info.plist;
				INSTALL_PATH = "$(LOCAL_LIBRARY_DIR)/Frameworks";
				LD_RUNPATH_SEARCH_PATHS = (
					"$(inherited)",
					"@executable_path/../Frameworks",
					"@loader_path/Frameworks",
				);
				MACOSX_DEPLOYMENT_TARGET = 11.0;
				PRODUCT_BUNDLE_IDENTIFIER = camargo.joao.com.br.Presentation;
				PRODUCT_NAME = "$(TARGET_NAME:c99extidentifier)";
				SDKROOT = macosx;
				SKIP_INSTALL = YES;
				SUPPORTED_PLATFORMS = "macosx iphonesimulator iphoneos";
				SWIFT_VERSION = 5.0;
			};
			name = Release;
		};
		05F8C370257D147000D269DB /* Debug */ = {
			isa = XCBuildConfiguration;
			buildSettings = {
				ALWAYS_EMBED_SWIFT_STANDARD_LIBRARIES = YES;
				CODE_SIGN_STYLE = Automatic;
				COMBINE_HIDPI_IMAGES = YES;
				DEVELOPMENT_TEAM = ZLRHSN44X4;
				INFOPLIST_FILE = PresentationTests/Info.plist;
				LD_RUNPATH_SEARCH_PATHS = (
					"$(inherited)",
					"@executable_path/../Frameworks",
					"@loader_path/../Frameworks",
				);
				MACOSX_DEPLOYMENT_TARGET = 11.0;
				PRODUCT_BUNDLE_IDENTIFIER = camargo.joao.com.br.PresentationTests;
				PRODUCT_NAME = "$(TARGET_NAME)";
				SDKROOT = macosx;
				SUPPORTED_PLATFORMS = "macosx iphonesimulator iphoneos";
				SWIFT_VERSION = 5.0;
			};
			name = Debug;
		};
		05F8C371257D147000D269DB /* Release */ = {
			isa = XCBuildConfiguration;
			buildSettings = {
				ALWAYS_EMBED_SWIFT_STANDARD_LIBRARIES = YES;
				CODE_SIGN_STYLE = Automatic;
				COMBINE_HIDPI_IMAGES = YES;
				DEVELOPMENT_TEAM = ZLRHSN44X4;
				INFOPLIST_FILE = PresentationTests/Info.plist;
				LD_RUNPATH_SEARCH_PATHS = (
					"$(inherited)",
					"@executable_path/../Frameworks",
					"@loader_path/../Frameworks",
				);
				MACOSX_DEPLOYMENT_TARGET = 11.0;
				PRODUCT_BUNDLE_IDENTIFIER = camargo.joao.com.br.PresentationTests;
				PRODUCT_NAME = "$(TARGET_NAME)";
				SDKROOT = macosx;
				SUPPORTED_PLATFORMS = "macosx iphonesimulator iphoneos";
				SWIFT_VERSION = 5.0;
			};
			name = Release;
		};
		05F8C493258F6C9D00D269DB /* Debug */ = {
			isa = XCBuildConfiguration;
			buildSettings = {
				ADDITIONAL_SDKS = "";
				CLANG_ENABLE_MODULES = YES;
				CODE_SIGN_STYLE = Automatic;
				COMBINE_HIDPI_IMAGES = YES;
				DEFINES_MODULE = YES;
				DEVELOPMENT_TEAM = ZLRHSN44X4;
				DYLIB_COMPATIBILITY_VERSION = 1;
				DYLIB_CURRENT_VERSION = 1;
				DYLIB_INSTALL_NAME_BASE = "@rpath";
				INFOPLIST_FILE = UI/Info.plist;
				INSTALL_PATH = "$(LOCAL_LIBRARY_DIR)/Frameworks";
				LD_RUNPATH_SEARCH_PATHS = (
					"$(inherited)",
					"@executable_path/../Frameworks",
					"@loader_path/Frameworks",
				);
				MACOSX_DEPLOYMENT_TARGET = 11.0;
				PRODUCT_BUNDLE_IDENTIFIER = camargo.joao.com.br.UI;
				PRODUCT_NAME = "$(TARGET_NAME:c99extidentifier)";
				SDKROOT = macosx;
				SKIP_INSTALL = YES;
				SUPPORTED_PLATFORMS = "macosx iphoneos iphonesimulator";
				SWIFT_OPTIMIZATION_LEVEL = "-Onone";
				SWIFT_VERSION = 5.0;
			};
			name = Debug;
		};
		05F8C494258F6C9D00D269DB /* Release */ = {
			isa = XCBuildConfiguration;
			buildSettings = {
				ADDITIONAL_SDKS = "";
				CLANG_ENABLE_MODULES = YES;
				CODE_SIGN_STYLE = Automatic;
				COMBINE_HIDPI_IMAGES = YES;
				DEFINES_MODULE = YES;
				DEVELOPMENT_TEAM = ZLRHSN44X4;
				DYLIB_COMPATIBILITY_VERSION = 1;
				DYLIB_CURRENT_VERSION = 1;
				DYLIB_INSTALL_NAME_BASE = "@rpath";
				INFOPLIST_FILE = UI/Info.plist;
				INSTALL_PATH = "$(LOCAL_LIBRARY_DIR)/Frameworks";
				LD_RUNPATH_SEARCH_PATHS = (
					"$(inherited)",
					"@executable_path/../Frameworks",
					"@loader_path/Frameworks",
				);
				MACOSX_DEPLOYMENT_TARGET = 11.0;
				PRODUCT_BUNDLE_IDENTIFIER = camargo.joao.com.br.UI;
				PRODUCT_NAME = "$(TARGET_NAME:c99extidentifier)";
				SDKROOT = macosx;
				SKIP_INSTALL = YES;
				SUPPORTED_PLATFORMS = "macosx iphoneos iphonesimulator";
				SWIFT_VERSION = 5.0;
			};
			name = Release;
		};
		05F8C495258F6C9D00D269DB /* Debug */ = {
			isa = XCBuildConfiguration;
			buildSettings = {
				ADDITIONAL_SDKS = "";
				ALWAYS_EMBED_SWIFT_STANDARD_LIBRARIES = YES;
				CODE_SIGN_STYLE = Automatic;
				COMBINE_HIDPI_IMAGES = YES;
				DEVELOPMENT_TEAM = ZLRHSN44X4;
				INFOPLIST_FILE = UITests/Info.plist;
				LD_RUNPATH_SEARCH_PATHS = (
					"$(inherited)",
					"@executable_path/../Frameworks",
					"@loader_path/../Frameworks",
				);
				MACOSX_DEPLOYMENT_TARGET = 11.0;
				PRODUCT_BUNDLE_IDENTIFIER = camargo.joao.com.br.UITests;
				PRODUCT_NAME = "$(TARGET_NAME)";
				SDKROOT = macosx;
				SUPPORTED_PLATFORMS = "macosx iphoneos iphonesimulator";
				SWIFT_VERSION = 5.0;
			};
			name = Debug;
		};
		05F8C496258F6C9D00D269DB /* Release */ = {
			isa = XCBuildConfiguration;
			buildSettings = {
				ADDITIONAL_SDKS = "";
				ALWAYS_EMBED_SWIFT_STANDARD_LIBRARIES = YES;
				CODE_SIGN_STYLE = Automatic;
				COMBINE_HIDPI_IMAGES = YES;
				DEVELOPMENT_TEAM = ZLRHSN44X4;
				INFOPLIST_FILE = UITests/Info.plist;
				LD_RUNPATH_SEARCH_PATHS = (
					"$(inherited)",
					"@executable_path/../Frameworks",
					"@loader_path/../Frameworks",
				);
				MACOSX_DEPLOYMENT_TARGET = 11.0;
				PRODUCT_BUNDLE_IDENTIFIER = camargo.joao.com.br.UITests;
				PRODUCT_NAME = "$(TARGET_NAME)";
				SDKROOT = macosx;
				SUPPORTED_PLATFORMS = "macosx iphoneos iphonesimulator";
				SWIFT_VERSION = 5.0;
			};
			name = Release;
		};
/* End XCBuildConfiguration section */

/* Begin XCConfigurationList section */
		057BC05825759D4300BBBCC0 /* Build configuration list for PBXNativeTarget "Infra" */ = {
			isa = XCConfigurationList;
			buildConfigurations = (
				057BC05925759D4300BBBCC0 /* Debug */,
				057BC05A25759D4300BBBCC0 /* Release */,
			);
			defaultConfigurationIsVisible = 0;
			defaultConfigurationName = Release;
		};
		057BC05B25759D4300BBBCC0 /* Build configuration list for PBXNativeTarget "InfraTests" */ = {
			isa = XCConfigurationList;
			buildConfigurations = (
				057BC05C25759D4300BBBCC0 /* Debug */,
				057BC05D25759D4300BBBCC0 /* Release */,
			);
			defaultConfigurationIsVisible = 0;
			defaultConfigurationName = Release;
		};
		05EF2F542565D96B008283E5 /* Build configuration list for PBXProject "CleanApp" */ = {
			isa = XCConfigurationList;
			buildConfigurations = (
				05EF2F602565D96B008283E5 /* Debug */,
				05EF2F612565D96B008283E5 /* Release */,
			);
			defaultConfigurationIsVisible = 0;
			defaultConfigurationName = Release;
		};
		05EF2F712565DA97008283E5 /* Build configuration list for PBXNativeTarget "Domain" */ = {
			isa = XCConfigurationList;
			buildConfigurations = (
				05EF2F722565DA97008283E5 /* Debug */,
				05EF2F732565DA97008283E5 /* Release */,
			);
			defaultConfigurationIsVisible = 0;
			defaultConfigurationName = Release;
		};
		05EF2F922565DF61008283E5 /* Build configuration list for PBXNativeTarget "Data" */ = {
			isa = XCConfigurationList;
			buildConfigurations = (
				05EF2F932565DF61008283E5 /* Debug */,
				05EF2F942565DF61008283E5 /* Release */,
			);
			defaultConfigurationIsVisible = 0;
			defaultConfigurationName = Release;
		};
		05EF2F952565DF61008283E5 /* Build configuration list for PBXNativeTarget "DataTests" */ = {
			isa = XCConfigurationList;
			buildConfigurations = (
				05EF2F962565DF61008283E5 /* Debug */,
				05EF2F972565DF61008283E5 /* Release */,
			);
			defaultConfigurationIsVisible = 0;
			defaultConfigurationName = Release;
		};
		05F8C343257C0A3F00D269DB /* Build configuration list for PBXNativeTarget "UseCasesIntegrationTests" */ = {
			isa = XCConfigurationList;
			buildConfigurations = (
				05F8C344257C0A3F00D269DB /* Debug */,
				05F8C345257C0A3F00D269DB /* Release */,
			);
			defaultConfigurationIsVisible = 0;
			defaultConfigurationName = Release;
		};
		05F8C36C257D147000D269DB /* Build configuration list for PBXNativeTarget "Presentation" */ = {
			isa = XCConfigurationList;
			buildConfigurations = (
				05F8C36D257D147000D269DB /* Debug */,
				05F8C36E257D147000D269DB /* Release */,
			);
			defaultConfigurationIsVisible = 0;
			defaultConfigurationName = Release;
		};
		05F8C36F257D147000D269DB /* Build configuration list for PBXNativeTarget "PresentationTests" */ = {
			isa = XCConfigurationList;
			buildConfigurations = (
				05F8C370257D147000D269DB /* Debug */,
				05F8C371257D147000D269DB /* Release */,
			);
			defaultConfigurationIsVisible = 0;
			defaultConfigurationName = Release;
		};
		05F8C497258F6C9D00D269DB /* Build configuration list for PBXNativeTarget "UI" */ = {
			isa = XCConfigurationList;
			buildConfigurations = (
				05F8C493258F6C9D00D269DB /* Debug */,
				05F8C494258F6C9D00D269DB /* Release */,
			);
			defaultConfigurationIsVisible = 0;
			defaultConfigurationName = Release;
		};
		05F8C498258F6C9D00D269DB /* Build configuration list for PBXNativeTarget "UITests" */ = {
			isa = XCConfigurationList;
			buildConfigurations = (
				05F8C495258F6C9D00D269DB /* Debug */,
				05F8C496258F6C9D00D269DB /* Release */,
			);
			defaultConfigurationIsVisible = 0;
			defaultConfigurationName = Release;
		};
/* End XCConfigurationList section */

/* Begin XCRemoteSwiftPackageReference section */
		057BC07A2575A48700BBBCC0 /* XCRemoteSwiftPackageReference "Alamofire" */ = {
			isa = XCRemoteSwiftPackageReference;
			repositoryURL = "https://github.com/Alamofire/Alamofire";
			requirement = {
				kind = upToNextMajorVersion;
				minimumVersion = 5.4.0;
			};
		};
/* End XCRemoteSwiftPackageReference section */

/* Begin XCSwiftPackageProductDependency section */
		057BC07B2575A48700BBBCC0 /* Alamofire */ = {
			isa = XCSwiftPackageProductDependency;
			package = 057BC07A2575A48700BBBCC0 /* XCRemoteSwiftPackageReference "Alamofire" */;
			productName = Alamofire;
		};
/* End XCSwiftPackageProductDependency section */
	};
	rootObject = 05EF2F512565D96B008283E5 /* Project object */;
}
